
Microsoft Visual Studio Solution File, Format Version 12.00
# Visual Studio Version 17
VisualStudioVersion = 17.0.31903.59
MinimumVisualStudioVersion = 10.0.40219.1
Project("{2150E333-8FDC-42A3-9474-1A3956D46DE8}") = "Solution Items", "Solution Items", "{EDD8E026-10A1-42A1-A606-483AA9618752}"
	ProjectSection(SolutionItems) = preProject
		..\.gitignore = ..\.gitignore
		Performance1.psess = Performance1.psess
		XTMF.sln.DotSettings = XTMF.sln.DotSettings
		XTMF.vsd = XTMF.vsd
		XTMF.vsmdi = XTMF.vsmdi
	EndProjectSection
EndProject
Project("{2150E333-8FDC-42A3-9474-1A3956D46DE8}") = "Images", "Images", "{F5FC3806-4E82-41F0-AA65-5B6933826AB7}"
EndProject
Project("{2150E333-8FDC-42A3-9474-1A3956D46DE8}") = "Tasha", "Tasha", "{35883D64-730B-4472-9CE7-30EA160439EF}"
EndProject
Project("{2150E333-8FDC-42A3-9474-1A3956D46DE8}") = "SDK", "SDK", "{221F4A25-3C4D-4CCD-9358-0E1BC2ABD987}"
EndProject
Project("{2150E333-8FDC-42A3-9474-1A3956D46DE8}") = "GTAModel", "GTAModel", "{AD86DDEF-A0E5-4072-BA38-3557F85F9213}"
EndProject
Project("{2150E333-8FDC-42A3-9474-1A3956D46DE8}") = "Common", "Common", "{D9A501B7-837A-4651-9217-F811BF7FF300}"
EndProject
Project("{2150E333-8FDC-42A3-9474-1A3956D46DE8}") = "NetworkEstimation", "NetworkEstimation", "{F087B9E0-5960-4EA2-B0DF-ADB3E3A82179}"
EndProject
Project("{9A19103F-16F7-4668-BE54-9A1E7A4F7556}") = "XTMFInterfaces", "XTMFInterfaces\XTMFInterfaces.csproj", "{5A7C8449-BE6F-4CBB-AD7F-B38560DAE637}"
EndProject
Project("{9A19103F-16F7-4668-BE54-9A1E7A4F7556}") = "XTMF.Testing", "XTMFTesting\XTMF.Testing.csproj", "{1D1FBD5C-99DE-4BE7-AACA-069624958ADC}"
EndProject
Project("{9A19103F-16F7-4668-BE54-9A1E7A4F7556}") = "Datastructure", "..\Datastructure\Datastructure.csproj", "{E0B4F1C9-D2F6-415E-B8F5-AF66F23F4B87}"
EndProject
Project("{9A19103F-16F7-4668-BE54-9A1E7A4F7556}") = "XtmfSDK", "XtmfSDK\XtmfSDK.csproj", "{25E4269D-ED66-4282-A03B-5412839D43A7}"
EndProject
Project("{9A19103F-16F7-4668-BE54-9A1E7A4F7556}") = "ODCache", "..\ODCache\ODCache.csproj", "{00444214-238A-408C-B9D0-AF9873AE1F9B}"
EndProject
Project("{9A19103F-16F7-4668-BE54-9A1E7A4F7556}") = "Tasha", "..\Tasha\Tasha.csproj", "{7DD20E37-8F3F-4BF6-953E-47453F611094}"
EndProject
Project("{9A19103F-16F7-4668-BE54-9A1E7A4F7556}") = "TashaInterfaces", "..\TashaInterfaces\TashaInterfaces.csproj", "{FF44241D-1070-4391-9A3C-B19B8F96A583}"
EndProject
Project("{9A19103F-16F7-4668-BE54-9A1E7A4F7556}") = "TorontoHouseholds", "..\TorontoHouseholds\TorontoHouseholds.csproj", "{AF98391B-F417-4D0B-98C0-236E2675C89A}"
EndProject
Project("{9A19103F-16F7-4668-BE54-9A1E7A4F7556}") = "GTAModel", "GTAModel\GTAModel.csproj", "{46B0B361-6C06-4326-BE81-308654899299}"
EndProject
Project("{9A19103F-16F7-4668-BE54-9A1E7A4F7556}") = "TMGInterfaces", "TMGInterfaces\TMGInterfaces.csproj", "{036AE224-AA65-4C4C-A29F-502DED239A84}"
EndProject
Project("{9A19103F-16F7-4668-BE54-9A1E7A4F7556}") = "TMG.Emme", "TMG.Emme\TMG.Emme.csproj", "{9423A82C-0120-4D8F-AAC0-C9C37966B3A8}"
EndProject
Project("{9A19103F-16F7-4668-BE54-9A1E7A4F7556}") = "TMG.Functions", "TMG.Functions\TMG.Functions.csproj", "{4129E4DB-412B-493A-BDA1-F0C367EE1F6F}"
EndProject
Project("{9A19103F-16F7-4668-BE54-9A1E7A4F7556}") = "NetworkEstimation", "NetworkEstimation\NetworkEstimation.csproj", "{D5A50A9D-319F-410C-998F-BA3EA98A1E85}"
EndProject
Project("{9A19103F-16F7-4668-BE54-9A1E7A4F7556}") = "TMG.NetworkEstimation", "TMG.NetworkEstimation\TMG.NetworkEstimation.csproj", "{8317B7CA-B8E5-4282-8D2B-F488AD363AB4}"
EndProject
Project("{9A19103F-16F7-4668-BE54-9A1E7A4F7556}") = "XTMF.RemoteClient", "XTMF.RemoteClient\XTMF.RemoteClient.csproj", "{D6716B3F-B778-4E41-BCC8-8B3002670E67}"
EndProject
Project("{9A19103F-16F7-4668-BE54-9A1E7A4F7556}") = "TMG.Estimation", "TMG.Estimation\TMG.Estimation.csproj", "{F2DA3DD8-C8E8-420C-B0DF-4787FF7C791A}"
EndProject
Project("{9A19103F-16F7-4668-BE54-9A1E7A4F7556}") = "ViewCacheData", "ViewCacheData\ViewCacheData.csproj", "{6EDFD0C4-201E-4296-ACD1-BDE9EBFE3925}"
EndProject
Project("{9A19103F-16F7-4668-BE54-9A1E7A4F7556}") = "Tasha.Validation", "Tasha.Validation\Tasha.Validation.csproj", "{46F04E0B-949D-4FE6-9289-02A53D97F411}"
EndProject
Project("{2150E333-8FDC-42A3-9474-1A3956D46DE8}") = "XTMFCore", "XTMFCore", "{6CB731FD-131F-4D60-B988-96F531D03679}"
EndProject
Project("{9A19103F-16F7-4668-BE54-9A1E7A4F7556}") = "XTMFCoreTesting", "XTMFCoreTesting\XTMFCoreTesting.csproj", "{6638AE14-318A-4323-ACDF-9C01CBBA02BA}"
EndProject
Project("{9A19103F-16F7-4668-BE54-9A1E7A4F7556}") = "TMG.Distributed", "TMG.Distributed\TMG.Distributed.csproj", "{B803C3EF-1C09-47AE-80E6-6BB40520F516}"
EndProject
Project("{9A19103F-16F7-4668-BE54-9A1E7A4F7556}") = "TMG.Frameworks", "TMG.Frameworks\TMG.Frameworks.csproj", "{6C534CC4-E0DC-4613-9358-678834C55776}"
EndProject
Project("{9A19103F-16F7-4668-BE54-9A1E7A4F7556}") = "XTMF.Run", "XTMF.Run\XTMF.Run.csproj", "{244DA4F1-F1DE-403C-AB93-D828C893BF2E}"
EndProject
Project("{9A19103F-16F7-4668-BE54-9A1E7A4F7556}") = "XTMF.Gui", "XTMF.Gui\XTMF.Gui.csproj", "{63996C2B-6769-4305-8933-1A87944679DC}"
EndProject
Project("{9A19103F-16F7-4668-BE54-9A1E7A4F7556}") = "XTMF", "XTMF\XTMF.csproj", "{8B983608-B6C7-49EB-A5DD-6CCCF55B9C45}"
EndProject
Global
	GlobalSection(SolutionConfigurationPlatforms) = preSolution
		32Bit|Any CPU = 32Bit|Any CPU
		32Bit|x64 = 32Bit|x64
		64Bit|Any CPU = 64Bit|Any CPU
		64Bit|x64 = 64Bit|x64
		Debug|Any CPU = Debug|Any CPU
		Debug|x64 = Debug|x64
		Development Debug Remote Host|Any CPU = Development Debug Remote Host|Any CPU
		Development Debug Remote Host|x64 = Development Debug Remote Host|x64
		Development Debug|Any CPU = Development Debug|Any CPU
		Development Debug|x64 = Development Debug|x64
		Development|Any CPU = Development|Any CPU
		Development|x64 = Development|x64
		Release|Any CPU = Release|Any CPU
		Release|x64 = Release|x64
	EndGlobalSection
	GlobalSection(ProjectConfigurationPlatforms) = postSolution
		{5A7C8449-BE6F-4CBB-AD7F-B38560DAE637}.32Bit|Any CPU.ActiveCfg = 32Bit|Any CPU
		{5A7C8449-BE6F-4CBB-AD7F-B38560DAE637}.32Bit|Any CPU.Build.0 = 32Bit|Any CPU
		{5A7C8449-BE6F-4CBB-AD7F-B38560DAE637}.32Bit|x64.ActiveCfg = 32Bit|Any CPU
		{5A7C8449-BE6F-4CBB-AD7F-B38560DAE637}.32Bit|x64.Build.0 = 32Bit|Any CPU
		{5A7C8449-BE6F-4CBB-AD7F-B38560DAE637}.64Bit|Any CPU.ActiveCfg = 64Bit|Any CPU
		{5A7C8449-BE6F-4CBB-AD7F-B38560DAE637}.64Bit|Any CPU.Build.0 = 64Bit|Any CPU
		{5A7C8449-BE6F-4CBB-AD7F-B38560DAE637}.64Bit|x64.ActiveCfg = 64Bit|Any CPU
		{5A7C8449-BE6F-4CBB-AD7F-B38560DAE637}.64Bit|x64.Build.0 = 64Bit|Any CPU
		{5A7C8449-BE6F-4CBB-AD7F-B38560DAE637}.Debug|Any CPU.ActiveCfg = Debug|Any CPU
		{5A7C8449-BE6F-4CBB-AD7F-B38560DAE637}.Debug|Any CPU.Build.0 = Debug|Any CPU
		{5A7C8449-BE6F-4CBB-AD7F-B38560DAE637}.Debug|x64.ActiveCfg = Debug|Any CPU
		{5A7C8449-BE6F-4CBB-AD7F-B38560DAE637}.Debug|x64.Build.0 = Debug|Any CPU
		{5A7C8449-BE6F-4CBB-AD7F-B38560DAE637}.Development Debug Remote Host|Any CPU.ActiveCfg = Development Debug Remote Host|Any CPU
		{5A7C8449-BE6F-4CBB-AD7F-B38560DAE637}.Development Debug Remote Host|Any CPU.Build.0 = Development Debug Remote Host|Any CPU
		{5A7C8449-BE6F-4CBB-AD7F-B38560DAE637}.Development Debug Remote Host|x64.ActiveCfg = Development Debug Remote Host|Any CPU
		{5A7C8449-BE6F-4CBB-AD7F-B38560DAE637}.Development Debug Remote Host|x64.Build.0 = Development Debug Remote Host|Any CPU
		{5A7C8449-BE6F-4CBB-AD7F-B38560DAE637}.Development Debug|Any CPU.ActiveCfg = Development Debug|Any CPU
		{5A7C8449-BE6F-4CBB-AD7F-B38560DAE637}.Development Debug|Any CPU.Build.0 = Development Debug|Any CPU
		{5A7C8449-BE6F-4CBB-AD7F-B38560DAE637}.Development Debug|x64.ActiveCfg = Development Debug|Any CPU
		{5A7C8449-BE6F-4CBB-AD7F-B38560DAE637}.Development Debug|x64.Build.0 = Development Debug|Any CPU
		{5A7C8449-BE6F-4CBB-AD7F-B38560DAE637}.Development|Any CPU.ActiveCfg = Release|Any CPU
		{5A7C8449-BE6F-4CBB-AD7F-B38560DAE637}.Development|Any CPU.Build.0 = Release|Any CPU
		{5A7C8449-BE6F-4CBB-AD7F-B38560DAE637}.Development|x64.ActiveCfg = Release|Any CPU
		{5A7C8449-BE6F-4CBB-AD7F-B38560DAE637}.Development|x64.Build.0 = Release|Any CPU
		{5A7C8449-BE6F-4CBB-AD7F-B38560DAE637}.Release|Any CPU.ActiveCfg = Release|Any CPU
		{5A7C8449-BE6F-4CBB-AD7F-B38560DAE637}.Release|Any CPU.Build.0 = Release|Any CPU
		{5A7C8449-BE6F-4CBB-AD7F-B38560DAE637}.Release|x64.ActiveCfg = Release|Any CPU
		{5A7C8449-BE6F-4CBB-AD7F-B38560DAE637}.Release|x64.Build.0 = Release|Any CPU
		{1D1FBD5C-99DE-4BE7-AACA-069624958ADC}.32Bit|Any CPU.ActiveCfg = 32Bit|Any CPU
		{1D1FBD5C-99DE-4BE7-AACA-069624958ADC}.32Bit|x64.ActiveCfg = 32Bit|Any CPU
		{1D1FBD5C-99DE-4BE7-AACA-069624958ADC}.64Bit|Any CPU.ActiveCfg = 64Bit|Any CPU
		{1D1FBD5C-99DE-4BE7-AACA-069624958ADC}.64Bit|x64.ActiveCfg = 64Bit|Any CPU
		{1D1FBD5C-99DE-4BE7-AACA-069624958ADC}.Debug|Any CPU.ActiveCfg = Debug|Any CPU
		{1D1FBD5C-99DE-4BE7-AACA-069624958ADC}.Debug|Any CPU.Build.0 = Debug|Any CPU
		{1D1FBD5C-99DE-4BE7-AACA-069624958ADC}.Debug|x64.ActiveCfg = Debug|Any CPU
		{1D1FBD5C-99DE-4BE7-AACA-069624958ADC}.Debug|x64.Build.0 = Debug|Any CPU
		{1D1FBD5C-99DE-4BE7-AACA-069624958ADC}.Development Debug Remote Host|Any CPU.ActiveCfg = Development Debug Remote Host|Any CPU
		{1D1FBD5C-99DE-4BE7-AACA-069624958ADC}.Development Debug Remote Host|Any CPU.Build.0 = Development Debug Remote Host|Any CPU
		{1D1FBD5C-99DE-4BE7-AACA-069624958ADC}.Development Debug Remote Host|x64.ActiveCfg = Development Debug Remote Host|Any CPU
		{1D1FBD5C-99DE-4BE7-AACA-069624958ADC}.Development Debug Remote Host|x64.Build.0 = Development Debug Remote Host|Any CPU
		{1D1FBD5C-99DE-4BE7-AACA-069624958ADC}.Development Debug|Any CPU.ActiveCfg = Development Debug|Any CPU
		{1D1FBD5C-99DE-4BE7-AACA-069624958ADC}.Development Debug|Any CPU.Build.0 = Development Debug|Any CPU
		{1D1FBD5C-99DE-4BE7-AACA-069624958ADC}.Development Debug|x64.ActiveCfg = Development Debug|Any CPU
		{1D1FBD5C-99DE-4BE7-AACA-069624958ADC}.Development Debug|x64.Build.0 = Development Debug|Any CPU
		{1D1FBD5C-99DE-4BE7-AACA-069624958ADC}.Development|Any CPU.ActiveCfg = Release|Any CPU
		{1D1FBD5C-99DE-4BE7-AACA-069624958ADC}.Development|Any CPU.Build.0 = Release|Any CPU
		{1D1FBD5C-99DE-4BE7-AACA-069624958ADC}.Development|x64.ActiveCfg = Release|Any CPU
		{1D1FBD5C-99DE-4BE7-AACA-069624958ADC}.Development|x64.Build.0 = Release|Any CPU
		{1D1FBD5C-99DE-4BE7-AACA-069624958ADC}.Release|Any CPU.ActiveCfg = Release|Any CPU
		{1D1FBD5C-99DE-4BE7-AACA-069624958ADC}.Release|Any CPU.Build.0 = Release|Any CPU
		{1D1FBD5C-99DE-4BE7-AACA-069624958ADC}.Release|x64.ActiveCfg = Release|Any CPU
		{1D1FBD5C-99DE-4BE7-AACA-069624958ADC}.Release|x64.Build.0 = Release|Any CPU
		{E0B4F1C9-D2F6-415E-B8F5-AF66F23F4B87}.32Bit|Any CPU.ActiveCfg = 32Bit|Any CPU
		{E0B4F1C9-D2F6-415E-B8F5-AF66F23F4B87}.32Bit|Any CPU.Build.0 = 32Bit|Any CPU
		{E0B4F1C9-D2F6-415E-B8F5-AF66F23F4B87}.32Bit|x64.ActiveCfg = 32Bit|Any CPU
		{E0B4F1C9-D2F6-415E-B8F5-AF66F23F4B87}.32Bit|x64.Build.0 = 32Bit|Any CPU
		{E0B4F1C9-D2F6-415E-B8F5-AF66F23F4B87}.64Bit|Any CPU.ActiveCfg = 64Bit|Any CPU
		{E0B4F1C9-D2F6-415E-B8F5-AF66F23F4B87}.64Bit|Any CPU.Build.0 = 64Bit|Any CPU
		{E0B4F1C9-D2F6-415E-B8F5-AF66F23F4B87}.64Bit|x64.ActiveCfg = 64Bit|Any CPU
		{E0B4F1C9-D2F6-415E-B8F5-AF66F23F4B87}.64Bit|x64.Build.0 = 64Bit|Any CPU
		{E0B4F1C9-D2F6-415E-B8F5-AF66F23F4B87}.Debug|Any CPU.ActiveCfg = Debug|Any CPU
		{E0B4F1C9-D2F6-415E-B8F5-AF66F23F4B87}.Debug|Any CPU.Build.0 = Debug|Any CPU
		{E0B4F1C9-D2F6-415E-B8F5-AF66F23F4B87}.Debug|x64.ActiveCfg = Debug|Any CPU
		{E0B4F1C9-D2F6-415E-B8F5-AF66F23F4B87}.Debug|x64.Build.0 = Debug|Any CPU
		{E0B4F1C9-D2F6-415E-B8F5-AF66F23F4B87}.Development Debug Remote Host|Any CPU.ActiveCfg = Development Debug Remote Host|Any CPU
		{E0B4F1C9-D2F6-415E-B8F5-AF66F23F4B87}.Development Debug Remote Host|Any CPU.Build.0 = Development Debug Remote Host|Any CPU
		{E0B4F1C9-D2F6-415E-B8F5-AF66F23F4B87}.Development Debug Remote Host|x64.ActiveCfg = Development Debug Remote Host|Any CPU
		{E0B4F1C9-D2F6-415E-B8F5-AF66F23F4B87}.Development Debug Remote Host|x64.Build.0 = Development Debug Remote Host|Any CPU
		{E0B4F1C9-D2F6-415E-B8F5-AF66F23F4B87}.Development Debug|Any CPU.ActiveCfg = Development Debug|Any CPU
		{E0B4F1C9-D2F6-415E-B8F5-AF66F23F4B87}.Development Debug|Any CPU.Build.0 = Development Debug|Any CPU
		{E0B4F1C9-D2F6-415E-B8F5-AF66F23F4B87}.Development Debug|x64.ActiveCfg = Development Debug|Any CPU
		{E0B4F1C9-D2F6-415E-B8F5-AF66F23F4B87}.Development Debug|x64.Build.0 = Development Debug|Any CPU
		{E0B4F1C9-D2F6-415E-B8F5-AF66F23F4B87}.Development|Any CPU.ActiveCfg = Release|Any CPU
		{E0B4F1C9-D2F6-415E-B8F5-AF66F23F4B87}.Development|Any CPU.Build.0 = Release|Any CPU
		{E0B4F1C9-D2F6-415E-B8F5-AF66F23F4B87}.Development|x64.ActiveCfg = Release|Any CPU
		{E0B4F1C9-D2F6-415E-B8F5-AF66F23F4B87}.Development|x64.Build.0 = Release|Any CPU
		{E0B4F1C9-D2F6-415E-B8F5-AF66F23F4B87}.Release|Any CPU.ActiveCfg = Release|Any CPU
		{E0B4F1C9-D2F6-415E-B8F5-AF66F23F4B87}.Release|Any CPU.Build.0 = Release|Any CPU
		{E0B4F1C9-D2F6-415E-B8F5-AF66F23F4B87}.Release|x64.ActiveCfg = Release|Any CPU
		{E0B4F1C9-D2F6-415E-B8F5-AF66F23F4B87}.Release|x64.Build.0 = Release|Any CPU
		{25E4269D-ED66-4282-A03B-5412839D43A7}.32Bit|Any CPU.ActiveCfg = 32Bit|Any CPU
		{25E4269D-ED66-4282-A03B-5412839D43A7}.32Bit|Any CPU.Build.0 = 32Bit|Any CPU
		{25E4269D-ED66-4282-A03B-5412839D43A7}.32Bit|x64.ActiveCfg = 32Bit|Any CPU
		{25E4269D-ED66-4282-A03B-5412839D43A7}.32Bit|x64.Build.0 = 32Bit|Any CPU
		{25E4269D-ED66-4282-A03B-5412839D43A7}.64Bit|Any CPU.ActiveCfg = 64Bit|Any CPU
		{25E4269D-ED66-4282-A03B-5412839D43A7}.64Bit|Any CPU.Build.0 = 64Bit|Any CPU
		{25E4269D-ED66-4282-A03B-5412839D43A7}.64Bit|x64.ActiveCfg = 64Bit|Any CPU
		{25E4269D-ED66-4282-A03B-5412839D43A7}.64Bit|x64.Build.0 = 64Bit|Any CPU
		{25E4269D-ED66-4282-A03B-5412839D43A7}.Debug|Any CPU.ActiveCfg = Debug|Any CPU
		{25E4269D-ED66-4282-A03B-5412839D43A7}.Debug|Any CPU.Build.0 = Debug|Any CPU
		{25E4269D-ED66-4282-A03B-5412839D43A7}.Debug|x64.ActiveCfg = Debug|Any CPU
		{25E4269D-ED66-4282-A03B-5412839D43A7}.Debug|x64.Build.0 = Debug|Any CPU
		{25E4269D-ED66-4282-A03B-5412839D43A7}.Development Debug Remote Host|Any CPU.ActiveCfg = Development Debug Remote Host|Any CPU
		{25E4269D-ED66-4282-A03B-5412839D43A7}.Development Debug Remote Host|Any CPU.Build.0 = Development Debug Remote Host|Any CPU
		{25E4269D-ED66-4282-A03B-5412839D43A7}.Development Debug Remote Host|x64.ActiveCfg = Development Debug Remote Host|Any CPU
		{25E4269D-ED66-4282-A03B-5412839D43A7}.Development Debug Remote Host|x64.Build.0 = Development Debug Remote Host|Any CPU
		{25E4269D-ED66-4282-A03B-5412839D43A7}.Development Debug|Any CPU.ActiveCfg = Development Debug|Any CPU
		{25E4269D-ED66-4282-A03B-5412839D43A7}.Development Debug|Any CPU.Build.0 = Development Debug|Any CPU
		{25E4269D-ED66-4282-A03B-5412839D43A7}.Development Debug|x64.ActiveCfg = Development Debug|Any CPU
		{25E4269D-ED66-4282-A03B-5412839D43A7}.Development Debug|x64.Build.0 = Development Debug|Any CPU
		{25E4269D-ED66-4282-A03B-5412839D43A7}.Development|Any CPU.ActiveCfg = Release|Any CPU
		{25E4269D-ED66-4282-A03B-5412839D43A7}.Development|Any CPU.Build.0 = Release|Any CPU
		{25E4269D-ED66-4282-A03B-5412839D43A7}.Development|x64.ActiveCfg = Release|Any CPU
		{25E4269D-ED66-4282-A03B-5412839D43A7}.Development|x64.Build.0 = Release|Any CPU
		{25E4269D-ED66-4282-A03B-5412839D43A7}.Release|Any CPU.ActiveCfg = Release|Any CPU
		{25E4269D-ED66-4282-A03B-5412839D43A7}.Release|Any CPU.Build.0 = Release|Any CPU
		{25E4269D-ED66-4282-A03B-5412839D43A7}.Release|x64.ActiveCfg = Release|Any CPU
		{25E4269D-ED66-4282-A03B-5412839D43A7}.Release|x64.Build.0 = Release|Any CPU
		{00444214-238A-408C-B9D0-AF9873AE1F9B}.32Bit|Any CPU.ActiveCfg = 32Bit|Any CPU
		{00444214-238A-408C-B9D0-AF9873AE1F9B}.32Bit|Any CPU.Build.0 = 32Bit|Any CPU
		{00444214-238A-408C-B9D0-AF9873AE1F9B}.32Bit|x64.ActiveCfg = 32Bit|Any CPU
		{00444214-238A-408C-B9D0-AF9873AE1F9B}.32Bit|x64.Build.0 = 32Bit|Any CPU
		{00444214-238A-408C-B9D0-AF9873AE1F9B}.64Bit|Any CPU.ActiveCfg = 64Bit|Any CPU
		{00444214-238A-408C-B9D0-AF9873AE1F9B}.64Bit|Any CPU.Build.0 = 64Bit|Any CPU
		{00444214-238A-408C-B9D0-AF9873AE1F9B}.64Bit|x64.ActiveCfg = 64Bit|Any CPU
		{00444214-238A-408C-B9D0-AF9873AE1F9B}.64Bit|x64.Build.0 = 64Bit|Any CPU
		{00444214-238A-408C-B9D0-AF9873AE1F9B}.Debug|Any CPU.ActiveCfg = Debug|Any CPU
		{00444214-238A-408C-B9D0-AF9873AE1F9B}.Debug|Any CPU.Build.0 = Debug|Any CPU
		{00444214-238A-408C-B9D0-AF9873AE1F9B}.Debug|x64.ActiveCfg = Debug|Any CPU
		{00444214-238A-408C-B9D0-AF9873AE1F9B}.Debug|x64.Build.0 = Debug|Any CPU
		{00444214-238A-408C-B9D0-AF9873AE1F9B}.Development Debug Remote Host|Any CPU.ActiveCfg = Development Debug Remote Host|Any CPU
		{00444214-238A-408C-B9D0-AF9873AE1F9B}.Development Debug Remote Host|Any CPU.Build.0 = Development Debug Remote Host|Any CPU
		{00444214-238A-408C-B9D0-AF9873AE1F9B}.Development Debug Remote Host|x64.ActiveCfg = Development Debug Remote Host|Any CPU
		{00444214-238A-408C-B9D0-AF9873AE1F9B}.Development Debug Remote Host|x64.Build.0 = Development Debug Remote Host|Any CPU
		{00444214-238A-408C-B9D0-AF9873AE1F9B}.Development Debug|Any CPU.ActiveCfg = Development Debug|Any CPU
		{00444214-238A-408C-B9D0-AF9873AE1F9B}.Development Debug|Any CPU.Build.0 = Development Debug|Any CPU
		{00444214-238A-408C-B9D0-AF9873AE1F9B}.Development Debug|x64.ActiveCfg = Development Debug|Any CPU
		{00444214-238A-408C-B9D0-AF9873AE1F9B}.Development Debug|x64.Build.0 = Development Debug|Any CPU
		{00444214-238A-408C-B9D0-AF9873AE1F9B}.Development|Any CPU.ActiveCfg = Release|Any CPU
		{00444214-238A-408C-B9D0-AF9873AE1F9B}.Development|Any CPU.Build.0 = Release|Any CPU
		{00444214-238A-408C-B9D0-AF9873AE1F9B}.Development|x64.ActiveCfg = Release|Any CPU
		{00444214-238A-408C-B9D0-AF9873AE1F9B}.Development|x64.Build.0 = Release|Any CPU
		{00444214-238A-408C-B9D0-AF9873AE1F9B}.Release|Any CPU.ActiveCfg = Release|Any CPU
		{00444214-238A-408C-B9D0-AF9873AE1F9B}.Release|Any CPU.Build.0 = Release|Any CPU
		{00444214-238A-408C-B9D0-AF9873AE1F9B}.Release|x64.ActiveCfg = Release|Any CPU
		{00444214-238A-408C-B9D0-AF9873AE1F9B}.Release|x64.Build.0 = Release|Any CPU
		{7DD20E37-8F3F-4BF6-953E-47453F611094}.32Bit|Any CPU.ActiveCfg = 32Bit|Any CPU
		{7DD20E37-8F3F-4BF6-953E-47453F611094}.32Bit|Any CPU.Build.0 = 32Bit|Any CPU
		{7DD20E37-8F3F-4BF6-953E-47453F611094}.32Bit|x64.ActiveCfg = 32Bit|Any CPU
		{7DD20E37-8F3F-4BF6-953E-47453F611094}.32Bit|x64.Build.0 = 32Bit|Any CPU
		{7DD20E37-8F3F-4BF6-953E-47453F611094}.64Bit|Any CPU.ActiveCfg = 64Bit|Any CPU
		{7DD20E37-8F3F-4BF6-953E-47453F611094}.64Bit|Any CPU.Build.0 = 64Bit|Any CPU
		{7DD20E37-8F3F-4BF6-953E-47453F611094}.64Bit|x64.ActiveCfg = 64Bit|Any CPU
		{7DD20E37-8F3F-4BF6-953E-47453F611094}.64Bit|x64.Build.0 = 64Bit|Any CPU
		{7DD20E37-8F3F-4BF6-953E-47453F611094}.Debug|Any CPU.ActiveCfg = Debug|Any CPU
		{7DD20E37-8F3F-4BF6-953E-47453F611094}.Debug|Any CPU.Build.0 = Debug|Any CPU
		{7DD20E37-8F3F-4BF6-953E-47453F611094}.Debug|x64.ActiveCfg = Debug|Any CPU
		{7DD20E37-8F3F-4BF6-953E-47453F611094}.Debug|x64.Build.0 = Debug|Any CPU
		{7DD20E37-8F3F-4BF6-953E-47453F611094}.Development Debug Remote Host|Any CPU.ActiveCfg = Development Debug Remote Host|Any CPU
		{7DD20E37-8F3F-4BF6-953E-47453F611094}.Development Debug Remote Host|Any CPU.Build.0 = Development Debug Remote Host|Any CPU
		{7DD20E37-8F3F-4BF6-953E-47453F611094}.Development Debug Remote Host|x64.ActiveCfg = Development Debug Remote Host|Any CPU
		{7DD20E37-8F3F-4BF6-953E-47453F611094}.Development Debug Remote Host|x64.Build.0 = Development Debug Remote Host|Any CPU
		{7DD20E37-8F3F-4BF6-953E-47453F611094}.Development Debug|Any CPU.ActiveCfg = Development Debug|Any CPU
		{7DD20E37-8F3F-4BF6-953E-47453F611094}.Development Debug|Any CPU.Build.0 = Development Debug|Any CPU
		{7DD20E37-8F3F-4BF6-953E-47453F611094}.Development Debug|x64.ActiveCfg = Development Debug|Any CPU
		{7DD20E37-8F3F-4BF6-953E-47453F611094}.Development Debug|x64.Build.0 = Development Debug|Any CPU
		{7DD20E37-8F3F-4BF6-953E-47453F611094}.Development|Any CPU.ActiveCfg = Release|Any CPU
		{7DD20E37-8F3F-4BF6-953E-47453F611094}.Development|Any CPU.Build.0 = Release|Any CPU
		{7DD20E37-8F3F-4BF6-953E-47453F611094}.Development|x64.ActiveCfg = Release|Any CPU
		{7DD20E37-8F3F-4BF6-953E-47453F611094}.Development|x64.Build.0 = Release|Any CPU
		{7DD20E37-8F3F-4BF6-953E-47453F611094}.Release|Any CPU.ActiveCfg = Release|Any CPU
		{7DD20E37-8F3F-4BF6-953E-47453F611094}.Release|Any CPU.Build.0 = Release|Any CPU
		{7DD20E37-8F3F-4BF6-953E-47453F611094}.Release|x64.ActiveCfg = Release|Any CPU
		{7DD20E37-8F3F-4BF6-953E-47453F611094}.Release|x64.Build.0 = Release|Any CPU
		{FF44241D-1070-4391-9A3C-B19B8F96A583}.32Bit|Any CPU.ActiveCfg = 32Bit|Any CPU
		{FF44241D-1070-4391-9A3C-B19B8F96A583}.32Bit|Any CPU.Build.0 = 32Bit|Any CPU
		{FF44241D-1070-4391-9A3C-B19B8F96A583}.32Bit|x64.ActiveCfg = 32Bit|Any CPU
		{FF44241D-1070-4391-9A3C-B19B8F96A583}.32Bit|x64.Build.0 = 32Bit|Any CPU
		{FF44241D-1070-4391-9A3C-B19B8F96A583}.64Bit|Any CPU.ActiveCfg = 64Bit|Any CPU
		{FF44241D-1070-4391-9A3C-B19B8F96A583}.64Bit|Any CPU.Build.0 = 64Bit|Any CPU
		{FF44241D-1070-4391-9A3C-B19B8F96A583}.64Bit|x64.ActiveCfg = 64Bit|Any CPU
		{FF44241D-1070-4391-9A3C-B19B8F96A583}.64Bit|x64.Build.0 = 64Bit|Any CPU
		{FF44241D-1070-4391-9A3C-B19B8F96A583}.Debug|Any CPU.ActiveCfg = Debug|Any CPU
		{FF44241D-1070-4391-9A3C-B19B8F96A583}.Debug|Any CPU.Build.0 = Debug|Any CPU
		{FF44241D-1070-4391-9A3C-B19B8F96A583}.Debug|x64.ActiveCfg = Debug|Any CPU
		{FF44241D-1070-4391-9A3C-B19B8F96A583}.Debug|x64.Build.0 = Debug|Any CPU
		{FF44241D-1070-4391-9A3C-B19B8F96A583}.Development Debug Remote Host|Any CPU.ActiveCfg = Development Debug Remote Host|Any CPU
		{FF44241D-1070-4391-9A3C-B19B8F96A583}.Development Debug Remote Host|Any CPU.Build.0 = Development Debug Remote Host|Any CPU
		{FF44241D-1070-4391-9A3C-B19B8F96A583}.Development Debug Remote Host|x64.ActiveCfg = Development Debug Remote Host|Any CPU
		{FF44241D-1070-4391-9A3C-B19B8F96A583}.Development Debug Remote Host|x64.Build.0 = Development Debug Remote Host|Any CPU
		{FF44241D-1070-4391-9A3C-B19B8F96A583}.Development Debug|Any CPU.ActiveCfg = Development Debug|Any CPU
		{FF44241D-1070-4391-9A3C-B19B8F96A583}.Development Debug|Any CPU.Build.0 = Development Debug|Any CPU
		{FF44241D-1070-4391-9A3C-B19B8F96A583}.Development Debug|x64.ActiveCfg = Development Debug|Any CPU
		{FF44241D-1070-4391-9A3C-B19B8F96A583}.Development Debug|x64.Build.0 = Development Debug|Any CPU
		{FF44241D-1070-4391-9A3C-B19B8F96A583}.Development|Any CPU.ActiveCfg = Release|Any CPU
		{FF44241D-1070-4391-9A3C-B19B8F96A583}.Development|Any CPU.Build.0 = Release|Any CPU
		{FF44241D-1070-4391-9A3C-B19B8F96A583}.Development|x64.ActiveCfg = Release|Any CPU
		{FF44241D-1070-4391-9A3C-B19B8F96A583}.Development|x64.Build.0 = Release|Any CPU
		{FF44241D-1070-4391-9A3C-B19B8F96A583}.Release|Any CPU.ActiveCfg = Release|Any CPU
		{FF44241D-1070-4391-9A3C-B19B8F96A583}.Release|Any CPU.Build.0 = Release|Any CPU
		{FF44241D-1070-4391-9A3C-B19B8F96A583}.Release|x64.ActiveCfg = Release|Any CPU
		{FF44241D-1070-4391-9A3C-B19B8F96A583}.Release|x64.Build.0 = Release|Any CPU
		{AF98391B-F417-4D0B-98C0-236E2675C89A}.32Bit|Any CPU.ActiveCfg = 32Bit|Any CPU
		{AF98391B-F417-4D0B-98C0-236E2675C89A}.32Bit|Any CPU.Build.0 = 32Bit|Any CPU
		{AF98391B-F417-4D0B-98C0-236E2675C89A}.32Bit|x64.ActiveCfg = 32Bit|Any CPU
		{AF98391B-F417-4D0B-98C0-236E2675C89A}.32Bit|x64.Build.0 = 32Bit|Any CPU
		{AF98391B-F417-4D0B-98C0-236E2675C89A}.64Bit|Any CPU.ActiveCfg = 64Bit|Any CPU
		{AF98391B-F417-4D0B-98C0-236E2675C89A}.64Bit|Any CPU.Build.0 = 64Bit|Any CPU
		{AF98391B-F417-4D0B-98C0-236E2675C89A}.64Bit|x64.ActiveCfg = 64Bit|Any CPU
		{AF98391B-F417-4D0B-98C0-236E2675C89A}.64Bit|x64.Build.0 = 64Bit|Any CPU
		{AF98391B-F417-4D0B-98C0-236E2675C89A}.Debug|Any CPU.ActiveCfg = Debug|Any CPU
		{AF98391B-F417-4D0B-98C0-236E2675C89A}.Debug|Any CPU.Build.0 = Debug|Any CPU
		{AF98391B-F417-4D0B-98C0-236E2675C89A}.Debug|x64.ActiveCfg = Debug|Any CPU
		{AF98391B-F417-4D0B-98C0-236E2675C89A}.Debug|x64.Build.0 = Debug|Any CPU
		{AF98391B-F417-4D0B-98C0-236E2675C89A}.Development Debug Remote Host|Any CPU.ActiveCfg = Development Debug Remote Host|Any CPU
		{AF98391B-F417-4D0B-98C0-236E2675C89A}.Development Debug Remote Host|Any CPU.Build.0 = Development Debug Remote Host|Any CPU
		{AF98391B-F417-4D0B-98C0-236E2675C89A}.Development Debug Remote Host|x64.ActiveCfg = Development Debug Remote Host|Any CPU
		{AF98391B-F417-4D0B-98C0-236E2675C89A}.Development Debug Remote Host|x64.Build.0 = Development Debug Remote Host|Any CPU
		{AF98391B-F417-4D0B-98C0-236E2675C89A}.Development Debug|Any CPU.ActiveCfg = Development Debug|Any CPU
		{AF98391B-F417-4D0B-98C0-236E2675C89A}.Development Debug|Any CPU.Build.0 = Development Debug|Any CPU
		{AF98391B-F417-4D0B-98C0-236E2675C89A}.Development Debug|x64.ActiveCfg = Development Debug|Any CPU
		{AF98391B-F417-4D0B-98C0-236E2675C89A}.Development Debug|x64.Build.0 = Development Debug|Any CPU
		{AF98391B-F417-4D0B-98C0-236E2675C89A}.Development|Any CPU.ActiveCfg = Release|Any CPU
		{AF98391B-F417-4D0B-98C0-236E2675C89A}.Development|Any CPU.Build.0 = Release|Any CPU
		{AF98391B-F417-4D0B-98C0-236E2675C89A}.Development|x64.ActiveCfg = Release|Any CPU
		{AF98391B-F417-4D0B-98C0-236E2675C89A}.Development|x64.Build.0 = Release|Any CPU
		{AF98391B-F417-4D0B-98C0-236E2675C89A}.Release|Any CPU.ActiveCfg = Release|Any CPU
		{AF98391B-F417-4D0B-98C0-236E2675C89A}.Release|Any CPU.Build.0 = Release|Any CPU
		{AF98391B-F417-4D0B-98C0-236E2675C89A}.Release|x64.ActiveCfg = Release|Any CPU
		{AF98391B-F417-4D0B-98C0-236E2675C89A}.Release|x64.Build.0 = Release|Any CPU
		{46B0B361-6C06-4326-BE81-308654899299}.32Bit|Any CPU.ActiveCfg = 32Bit|Any CPU
		{46B0B361-6C06-4326-BE81-308654899299}.32Bit|Any CPU.Build.0 = 32Bit|Any CPU
		{46B0B361-6C06-4326-BE81-308654899299}.32Bit|x64.ActiveCfg = 32Bit|Any CPU
		{46B0B361-6C06-4326-BE81-308654899299}.32Bit|x64.Build.0 = 32Bit|Any CPU
		{46B0B361-6C06-4326-BE81-308654899299}.64Bit|Any CPU.ActiveCfg = 64Bit|Any CPU
		{46B0B361-6C06-4326-BE81-308654899299}.64Bit|Any CPU.Build.0 = 64Bit|Any CPU
		{46B0B361-6C06-4326-BE81-308654899299}.64Bit|x64.ActiveCfg = 64Bit|Any CPU
		{46B0B361-6C06-4326-BE81-308654899299}.64Bit|x64.Build.0 = 64Bit|Any CPU
		{46B0B361-6C06-4326-BE81-308654899299}.Debug|Any CPU.ActiveCfg = Debug|Any CPU
		{46B0B361-6C06-4326-BE81-308654899299}.Debug|Any CPU.Build.0 = Debug|Any CPU
		{46B0B361-6C06-4326-BE81-308654899299}.Debug|x64.ActiveCfg = Debug|Any CPU
		{46B0B361-6C06-4326-BE81-308654899299}.Debug|x64.Build.0 = Debug|Any CPU
		{46B0B361-6C06-4326-BE81-308654899299}.Development Debug Remote Host|Any CPU.ActiveCfg = Development Debug Remote Host|Any CPU
		{46B0B361-6C06-4326-BE81-308654899299}.Development Debug Remote Host|Any CPU.Build.0 = Development Debug Remote Host|Any CPU
		{46B0B361-6C06-4326-BE81-308654899299}.Development Debug Remote Host|x64.ActiveCfg = Development Debug Remote Host|Any CPU
		{46B0B361-6C06-4326-BE81-308654899299}.Development Debug Remote Host|x64.Build.0 = Development Debug Remote Host|Any CPU
		{46B0B361-6C06-4326-BE81-308654899299}.Development Debug|Any CPU.ActiveCfg = Development Debug|Any CPU
		{46B0B361-6C06-4326-BE81-308654899299}.Development Debug|Any CPU.Build.0 = Development Debug|Any CPU
		{46B0B361-6C06-4326-BE81-308654899299}.Development Debug|x64.ActiveCfg = Development Debug|Any CPU
		{46B0B361-6C06-4326-BE81-308654899299}.Development Debug|x64.Build.0 = Development Debug|Any CPU
		{46B0B361-6C06-4326-BE81-308654899299}.Development|Any CPU.ActiveCfg = Release|Any CPU
		{46B0B361-6C06-4326-BE81-308654899299}.Development|Any CPU.Build.0 = Release|Any CPU
		{46B0B361-6C06-4326-BE81-308654899299}.Development|x64.ActiveCfg = Release|Any CPU
		{46B0B361-6C06-4326-BE81-308654899299}.Development|x64.Build.0 = Release|Any CPU
		{46B0B361-6C06-4326-BE81-308654899299}.Release|Any CPU.ActiveCfg = Release|Any CPU
		{46B0B361-6C06-4326-BE81-308654899299}.Release|Any CPU.Build.0 = Release|Any CPU
		{46B0B361-6C06-4326-BE81-308654899299}.Release|x64.ActiveCfg = Release|Any CPU
		{46B0B361-6C06-4326-BE81-308654899299}.Release|x64.Build.0 = Release|Any CPU
		{036AE224-AA65-4C4C-A29F-502DED239A84}.32Bit|Any CPU.ActiveCfg = 32Bit|Any CPU
		{036AE224-AA65-4C4C-A29F-502DED239A84}.32Bit|Any CPU.Build.0 = 32Bit|Any CPU
		{036AE224-AA65-4C4C-A29F-502DED239A84}.32Bit|x64.ActiveCfg = 32Bit|Any CPU
		{036AE224-AA65-4C4C-A29F-502DED239A84}.32Bit|x64.Build.0 = 32Bit|Any CPU
		{036AE224-AA65-4C4C-A29F-502DED239A84}.64Bit|Any CPU.ActiveCfg = 64Bit|Any CPU
		{036AE224-AA65-4C4C-A29F-502DED239A84}.64Bit|Any CPU.Build.0 = 64Bit|Any CPU
		{036AE224-AA65-4C4C-A29F-502DED239A84}.64Bit|x64.ActiveCfg = 64Bit|Any CPU
		{036AE224-AA65-4C4C-A29F-502DED239A84}.64Bit|x64.Build.0 = 64Bit|Any CPU
		{036AE224-AA65-4C4C-A29F-502DED239A84}.Debug|Any CPU.ActiveCfg = Debug|Any CPU
		{036AE224-AA65-4C4C-A29F-502DED239A84}.Debug|Any CPU.Build.0 = Debug|Any CPU
		{036AE224-AA65-4C4C-A29F-502DED239A84}.Debug|x64.ActiveCfg = Debug|Any CPU
		{036AE224-AA65-4C4C-A29F-502DED239A84}.Debug|x64.Build.0 = Debug|Any CPU
		{036AE224-AA65-4C4C-A29F-502DED239A84}.Development Debug Remote Host|Any CPU.ActiveCfg = Development Debug Remote Host|Any CPU
		{036AE224-AA65-4C4C-A29F-502DED239A84}.Development Debug Remote Host|Any CPU.Build.0 = Development Debug Remote Host|Any CPU
		{036AE224-AA65-4C4C-A29F-502DED239A84}.Development Debug Remote Host|x64.ActiveCfg = Development Debug Remote Host|Any CPU
		{036AE224-AA65-4C4C-A29F-502DED239A84}.Development Debug Remote Host|x64.Build.0 = Development Debug Remote Host|Any CPU
		{036AE224-AA65-4C4C-A29F-502DED239A84}.Development Debug|Any CPU.ActiveCfg = Development Debug|Any CPU
		{036AE224-AA65-4C4C-A29F-502DED239A84}.Development Debug|Any CPU.Build.0 = Development Debug|Any CPU
		{036AE224-AA65-4C4C-A29F-502DED239A84}.Development Debug|x64.ActiveCfg = Development Debug|Any CPU
		{036AE224-AA65-4C4C-A29F-502DED239A84}.Development Debug|x64.Build.0 = Development Debug|Any CPU
		{036AE224-AA65-4C4C-A29F-502DED239A84}.Development|Any CPU.ActiveCfg = Release|Any CPU
		{036AE224-AA65-4C4C-A29F-502DED239A84}.Development|Any CPU.Build.0 = Release|Any CPU
		{036AE224-AA65-4C4C-A29F-502DED239A84}.Development|x64.ActiveCfg = Release|Any CPU
		{036AE224-AA65-4C4C-A29F-502DED239A84}.Development|x64.Build.0 = Release|Any CPU
		{036AE224-AA65-4C4C-A29F-502DED239A84}.Release|Any CPU.ActiveCfg = Release|Any CPU
		{036AE224-AA65-4C4C-A29F-502DED239A84}.Release|Any CPU.Build.0 = Release|Any CPU
		{036AE224-AA65-4C4C-A29F-502DED239A84}.Release|x64.ActiveCfg = Release|Any CPU
		{036AE224-AA65-4C4C-A29F-502DED239A84}.Release|x64.Build.0 = Release|Any CPU
		{9423A82C-0120-4D8F-AAC0-C9C37966B3A8}.32Bit|Any CPU.ActiveCfg = 32Bit|Any CPU
		{9423A82C-0120-4D8F-AAC0-C9C37966B3A8}.32Bit|Any CPU.Build.0 = 32Bit|Any CPU
		{9423A82C-0120-4D8F-AAC0-C9C37966B3A8}.32Bit|x64.ActiveCfg = 32Bit|Any CPU
		{9423A82C-0120-4D8F-AAC0-C9C37966B3A8}.32Bit|x64.Build.0 = 32Bit|Any CPU
		{9423A82C-0120-4D8F-AAC0-C9C37966B3A8}.64Bit|Any CPU.ActiveCfg = 64Bit|Any CPU
		{9423A82C-0120-4D8F-AAC0-C9C37966B3A8}.64Bit|Any CPU.Build.0 = 64Bit|Any CPU
		{9423A82C-0120-4D8F-AAC0-C9C37966B3A8}.64Bit|x64.ActiveCfg = 64Bit|Any CPU
		{9423A82C-0120-4D8F-AAC0-C9C37966B3A8}.64Bit|x64.Build.0 = 64Bit|Any CPU
		{9423A82C-0120-4D8F-AAC0-C9C37966B3A8}.Debug|Any CPU.ActiveCfg = Debug|Any CPU
		{9423A82C-0120-4D8F-AAC0-C9C37966B3A8}.Debug|Any CPU.Build.0 = Debug|Any CPU
		{9423A82C-0120-4D8F-AAC0-C9C37966B3A8}.Debug|x64.ActiveCfg = Debug|Any CPU
		{9423A82C-0120-4D8F-AAC0-C9C37966B3A8}.Debug|x64.Build.0 = Debug|Any CPU
		{9423A82C-0120-4D8F-AAC0-C9C37966B3A8}.Development Debug Remote Host|Any CPU.ActiveCfg = Development Debug Remote Host|Any CPU
		{9423A82C-0120-4D8F-AAC0-C9C37966B3A8}.Development Debug Remote Host|Any CPU.Build.0 = Development Debug Remote Host|Any CPU
		{9423A82C-0120-4D8F-AAC0-C9C37966B3A8}.Development Debug Remote Host|x64.ActiveCfg = Development Debug Remote Host|Any CPU
		{9423A82C-0120-4D8F-AAC0-C9C37966B3A8}.Development Debug Remote Host|x64.Build.0 = Development Debug Remote Host|Any CPU
		{9423A82C-0120-4D8F-AAC0-C9C37966B3A8}.Development Debug|Any CPU.ActiveCfg = Development Debug|Any CPU
		{9423A82C-0120-4D8F-AAC0-C9C37966B3A8}.Development Debug|Any CPU.Build.0 = Development Debug|Any CPU
		{9423A82C-0120-4D8F-AAC0-C9C37966B3A8}.Development Debug|x64.ActiveCfg = Development Debug|Any CPU
		{9423A82C-0120-4D8F-AAC0-C9C37966B3A8}.Development Debug|x64.Build.0 = Development Debug|Any CPU
		{9423A82C-0120-4D8F-AAC0-C9C37966B3A8}.Development|Any CPU.ActiveCfg = Release|Any CPU
		{9423A82C-0120-4D8F-AAC0-C9C37966B3A8}.Development|Any CPU.Build.0 = Release|Any CPU
		{9423A82C-0120-4D8F-AAC0-C9C37966B3A8}.Development|x64.ActiveCfg = Release|Any CPU
		{9423A82C-0120-4D8F-AAC0-C9C37966B3A8}.Development|x64.Build.0 = Release|Any CPU
		{9423A82C-0120-4D8F-AAC0-C9C37966B3A8}.Release|Any CPU.ActiveCfg = Release|Any CPU
		{9423A82C-0120-4D8F-AAC0-C9C37966B3A8}.Release|Any CPU.Build.0 = Release|Any CPU
		{9423A82C-0120-4D8F-AAC0-C9C37966B3A8}.Release|x64.ActiveCfg = Release|Any CPU
		{9423A82C-0120-4D8F-AAC0-C9C37966B3A8}.Release|x64.Build.0 = Release|Any CPU
		{4129E4DB-412B-493A-BDA1-F0C367EE1F6F}.32Bit|Any CPU.ActiveCfg = 32Bit|Any CPU
		{4129E4DB-412B-493A-BDA1-F0C367EE1F6F}.32Bit|Any CPU.Build.0 = 32Bit|Any CPU
		{4129E4DB-412B-493A-BDA1-F0C367EE1F6F}.32Bit|x64.ActiveCfg = 32Bit|Any CPU
		{4129E4DB-412B-493A-BDA1-F0C367EE1F6F}.32Bit|x64.Build.0 = 32Bit|Any CPU
		{4129E4DB-412B-493A-BDA1-F0C367EE1F6F}.64Bit|Any CPU.ActiveCfg = 64Bit|Any CPU
		{4129E4DB-412B-493A-BDA1-F0C367EE1F6F}.64Bit|Any CPU.Build.0 = 64Bit|Any CPU
		{4129E4DB-412B-493A-BDA1-F0C367EE1F6F}.64Bit|x64.ActiveCfg = 64Bit|Any CPU
		{4129E4DB-412B-493A-BDA1-F0C367EE1F6F}.64Bit|x64.Build.0 = 64Bit|Any CPU
		{4129E4DB-412B-493A-BDA1-F0C367EE1F6F}.Debug|Any CPU.ActiveCfg = Debug|Any CPU
		{4129E4DB-412B-493A-BDA1-F0C367EE1F6F}.Debug|Any CPU.Build.0 = Debug|Any CPU
		{4129E4DB-412B-493A-BDA1-F0C367EE1F6F}.Debug|x64.ActiveCfg = Debug|Any CPU
		{4129E4DB-412B-493A-BDA1-F0C367EE1F6F}.Debug|x64.Build.0 = Debug|Any CPU
		{4129E4DB-412B-493A-BDA1-F0C367EE1F6F}.Development Debug Remote Host|Any CPU.ActiveCfg = Development Debug Remote Host|Any CPU
		{4129E4DB-412B-493A-BDA1-F0C367EE1F6F}.Development Debug Remote Host|Any CPU.Build.0 = Development Debug Remote Host|Any CPU
		{4129E4DB-412B-493A-BDA1-F0C367EE1F6F}.Development Debug Remote Host|x64.ActiveCfg = Development Debug Remote Host|Any CPU
		{4129E4DB-412B-493A-BDA1-F0C367EE1F6F}.Development Debug Remote Host|x64.Build.0 = Development Debug Remote Host|Any CPU
		{4129E4DB-412B-493A-BDA1-F0C367EE1F6F}.Development Debug|Any CPU.ActiveCfg = Development Debug|Any CPU
		{4129E4DB-412B-493A-BDA1-F0C367EE1F6F}.Development Debug|Any CPU.Build.0 = Development Debug|Any CPU
		{4129E4DB-412B-493A-BDA1-F0C367EE1F6F}.Development Debug|x64.ActiveCfg = Development Debug|Any CPU
		{4129E4DB-412B-493A-BDA1-F0C367EE1F6F}.Development Debug|x64.Build.0 = Development Debug|Any CPU
		{4129E4DB-412B-493A-BDA1-F0C367EE1F6F}.Development|Any CPU.ActiveCfg = Release|Any CPU
		{4129E4DB-412B-493A-BDA1-F0C367EE1F6F}.Development|Any CPU.Build.0 = Release|Any CPU
		{4129E4DB-412B-493A-BDA1-F0C367EE1F6F}.Development|x64.ActiveCfg = Release|Any CPU
		{4129E4DB-412B-493A-BDA1-F0C367EE1F6F}.Development|x64.Build.0 = Release|Any CPU
		{4129E4DB-412B-493A-BDA1-F0C367EE1F6F}.Release|Any CPU.ActiveCfg = Release|Any CPU
		{4129E4DB-412B-493A-BDA1-F0C367EE1F6F}.Release|Any CPU.Build.0 = Release|Any CPU
		{4129E4DB-412B-493A-BDA1-F0C367EE1F6F}.Release|x64.ActiveCfg = Release|Any CPU
		{4129E4DB-412B-493A-BDA1-F0C367EE1F6F}.Release|x64.Build.0 = Release|Any CPU
		{D5A50A9D-319F-410C-998F-BA3EA98A1E85}.32Bit|Any CPU.ActiveCfg = 32Bit|Any CPU
		{D5A50A9D-319F-410C-998F-BA3EA98A1E85}.32Bit|Any CPU.Build.0 = 32Bit|Any CPU
		{D5A50A9D-319F-410C-998F-BA3EA98A1E85}.32Bit|x64.ActiveCfg = 32Bit|Any CPU
		{D5A50A9D-319F-410C-998F-BA3EA98A1E85}.32Bit|x64.Build.0 = 32Bit|Any CPU
		{D5A50A9D-319F-410C-998F-BA3EA98A1E85}.64Bit|Any CPU.ActiveCfg = 64Bit|Any CPU
		{D5A50A9D-319F-410C-998F-BA3EA98A1E85}.64Bit|Any CPU.Build.0 = 64Bit|Any CPU
		{D5A50A9D-319F-410C-998F-BA3EA98A1E85}.64Bit|x64.ActiveCfg = 64Bit|Any CPU
		{D5A50A9D-319F-410C-998F-BA3EA98A1E85}.64Bit|x64.Build.0 = 64Bit|Any CPU
		{D5A50A9D-319F-410C-998F-BA3EA98A1E85}.Debug|Any CPU.ActiveCfg = Debug|Any CPU
		{D5A50A9D-319F-410C-998F-BA3EA98A1E85}.Debug|Any CPU.Build.0 = Debug|Any CPU
		{D5A50A9D-319F-410C-998F-BA3EA98A1E85}.Debug|x64.ActiveCfg = Debug|Any CPU
		{D5A50A9D-319F-410C-998F-BA3EA98A1E85}.Debug|x64.Build.0 = Debug|Any CPU
		{D5A50A9D-319F-410C-998F-BA3EA98A1E85}.Development Debug Remote Host|Any CPU.ActiveCfg = Development Debug Remote Host|Any CPU
		{D5A50A9D-319F-410C-998F-BA3EA98A1E85}.Development Debug Remote Host|Any CPU.Build.0 = Development Debug Remote Host|Any CPU
		{D5A50A9D-319F-410C-998F-BA3EA98A1E85}.Development Debug Remote Host|x64.ActiveCfg = Development Debug Remote Host|Any CPU
		{D5A50A9D-319F-410C-998F-BA3EA98A1E85}.Development Debug Remote Host|x64.Build.0 = Development Debug Remote Host|Any CPU
		{D5A50A9D-319F-410C-998F-BA3EA98A1E85}.Development Debug|Any CPU.ActiveCfg = Development Debug|Any CPU
		{D5A50A9D-319F-410C-998F-BA3EA98A1E85}.Development Debug|Any CPU.Build.0 = Development Debug|Any CPU
		{D5A50A9D-319F-410C-998F-BA3EA98A1E85}.Development Debug|x64.ActiveCfg = Development Debug|Any CPU
		{D5A50A9D-319F-410C-998F-BA3EA98A1E85}.Development Debug|x64.Build.0 = Development Debug|Any CPU
		{D5A50A9D-319F-410C-998F-BA3EA98A1E85}.Development|Any CPU.ActiveCfg = Release|Any CPU
		{D5A50A9D-319F-410C-998F-BA3EA98A1E85}.Development|Any CPU.Build.0 = Release|Any CPU
		{D5A50A9D-319F-410C-998F-BA3EA98A1E85}.Development|x64.ActiveCfg = Release|Any CPU
		{D5A50A9D-319F-410C-998F-BA3EA98A1E85}.Development|x64.Build.0 = Release|Any CPU
		{D5A50A9D-319F-410C-998F-BA3EA98A1E85}.Release|Any CPU.ActiveCfg = Release|Any CPU
		{D5A50A9D-319F-410C-998F-BA3EA98A1E85}.Release|Any CPU.Build.0 = Release|Any CPU
		{D5A50A9D-319F-410C-998F-BA3EA98A1E85}.Release|x64.ActiveCfg = Release|Any CPU
		{D5A50A9D-319F-410C-998F-BA3EA98A1E85}.Release|x64.Build.0 = Release|Any CPU
		{8317B7CA-B8E5-4282-8D2B-F488AD363AB4}.32Bit|Any CPU.ActiveCfg = 32Bit|Any CPU
		{8317B7CA-B8E5-4282-8D2B-F488AD363AB4}.32Bit|Any CPU.Build.0 = 32Bit|Any CPU
		{8317B7CA-B8E5-4282-8D2B-F488AD363AB4}.32Bit|x64.ActiveCfg = 32Bit|Any CPU
		{8317B7CA-B8E5-4282-8D2B-F488AD363AB4}.32Bit|x64.Build.0 = 32Bit|Any CPU
		{8317B7CA-B8E5-4282-8D2B-F488AD363AB4}.64Bit|Any CPU.ActiveCfg = 64Bit|Any CPU
		{8317B7CA-B8E5-4282-8D2B-F488AD363AB4}.64Bit|Any CPU.Build.0 = 64Bit|Any CPU
		{8317B7CA-B8E5-4282-8D2B-F488AD363AB4}.64Bit|x64.ActiveCfg = 64Bit|Any CPU
		{8317B7CA-B8E5-4282-8D2B-F488AD363AB4}.64Bit|x64.Build.0 = 64Bit|Any CPU
		{8317B7CA-B8E5-4282-8D2B-F488AD363AB4}.Debug|Any CPU.ActiveCfg = Debug|Any CPU
		{8317B7CA-B8E5-4282-8D2B-F488AD363AB4}.Debug|Any CPU.Build.0 = Debug|Any CPU
		{8317B7CA-B8E5-4282-8D2B-F488AD363AB4}.Debug|x64.ActiveCfg = Debug|Any CPU
		{8317B7CA-B8E5-4282-8D2B-F488AD363AB4}.Debug|x64.Build.0 = Debug|Any CPU
		{8317B7CA-B8E5-4282-8D2B-F488AD363AB4}.Development Debug Remote Host|Any CPU.ActiveCfg = Development Debug Remote Host|Any CPU
		{8317B7CA-B8E5-4282-8D2B-F488AD363AB4}.Development Debug Remote Host|Any CPU.Build.0 = Development Debug Remote Host|Any CPU
		{8317B7CA-B8E5-4282-8D2B-F488AD363AB4}.Development Debug Remote Host|x64.ActiveCfg = Development Debug Remote Host|Any CPU
		{8317B7CA-B8E5-4282-8D2B-F488AD363AB4}.Development Debug Remote Host|x64.Build.0 = Development Debug Remote Host|Any CPU
		{8317B7CA-B8E5-4282-8D2B-F488AD363AB4}.Development Debug|Any CPU.ActiveCfg = Development Debug|Any CPU
		{8317B7CA-B8E5-4282-8D2B-F488AD363AB4}.Development Debug|Any CPU.Build.0 = Development Debug|Any CPU
		{8317B7CA-B8E5-4282-8D2B-F488AD363AB4}.Development Debug|x64.ActiveCfg = Development Debug|Any CPU
		{8317B7CA-B8E5-4282-8D2B-F488AD363AB4}.Development Debug|x64.Build.0 = Development Debug|Any CPU
		{8317B7CA-B8E5-4282-8D2B-F488AD363AB4}.Development|Any CPU.ActiveCfg = Release|Any CPU
		{8317B7CA-B8E5-4282-8D2B-F488AD363AB4}.Development|Any CPU.Build.0 = Release|Any CPU
		{8317B7CA-B8E5-4282-8D2B-F488AD363AB4}.Development|x64.ActiveCfg = Release|Any CPU
		{8317B7CA-B8E5-4282-8D2B-F488AD363AB4}.Development|x64.Build.0 = Release|Any CPU
		{8317B7CA-B8E5-4282-8D2B-F488AD363AB4}.Release|Any CPU.ActiveCfg = Release|Any CPU
		{8317B7CA-B8E5-4282-8D2B-F488AD363AB4}.Release|Any CPU.Build.0 = Release|Any CPU
		{8317B7CA-B8E5-4282-8D2B-F488AD363AB4}.Release|x64.ActiveCfg = Release|Any CPU
		{8317B7CA-B8E5-4282-8D2B-F488AD363AB4}.Release|x64.Build.0 = Release|Any CPU
		{D6716B3F-B778-4E41-BCC8-8B3002670E67}.32Bit|Any CPU.ActiveCfg = 32Bit|x86
		{D6716B3F-B778-4E41-BCC8-8B3002670E67}.32Bit|Any CPU.Build.0 = 32Bit|x86
		{D6716B3F-B778-4E41-BCC8-8B3002670E67}.32Bit|x64.ActiveCfg = 32Bit|x86
		{D6716B3F-B778-4E41-BCC8-8B3002670E67}.32Bit|x64.Build.0 = 32Bit|x86
		{D6716B3F-B778-4E41-BCC8-8B3002670E67}.64Bit|Any CPU.ActiveCfg = 64Bit|x86
		{D6716B3F-B778-4E41-BCC8-8B3002670E67}.64Bit|Any CPU.Build.0 = 64Bit|x86
		{D6716B3F-B778-4E41-BCC8-8B3002670E67}.64Bit|x64.ActiveCfg = 64Bit|x86
		{D6716B3F-B778-4E41-BCC8-8B3002670E67}.64Bit|x64.Build.0 = 64Bit|x86
		{D6716B3F-B778-4E41-BCC8-8B3002670E67}.Debug|Any CPU.ActiveCfg = Debug|x86
		{D6716B3F-B778-4E41-BCC8-8B3002670E67}.Debug|x64.ActiveCfg = Debug|x86
		{D6716B3F-B778-4E41-BCC8-8B3002670E67}.Development Debug Remote Host|Any CPU.ActiveCfg = Development Debug Remote Host|x86
		{D6716B3F-B778-4E41-BCC8-8B3002670E67}.Development Debug Remote Host|Any CPU.Build.0 = Development Debug Remote Host|x86
		{D6716B3F-B778-4E41-BCC8-8B3002670E67}.Development Debug Remote Host|x64.ActiveCfg = Development Debug Remote Host|x86
		{D6716B3F-B778-4E41-BCC8-8B3002670E67}.Development Debug Remote Host|x64.Build.0 = Development Debug Remote Host|x86
		{D6716B3F-B778-4E41-BCC8-8B3002670E67}.Development Debug|Any CPU.ActiveCfg = Development Debug|x86
		{D6716B3F-B778-4E41-BCC8-8B3002670E67}.Development Debug|Any CPU.Build.0 = Development Debug|x86
		{D6716B3F-B778-4E41-BCC8-8B3002670E67}.Development Debug|x64.ActiveCfg = Development Debug|x86
		{D6716B3F-B778-4E41-BCC8-8B3002670E67}.Development Debug|x64.Build.0 = Development Debug|x86
		{D6716B3F-B778-4E41-BCC8-8B3002670E67}.Development|Any CPU.ActiveCfg = Release|Any CPU
		{D6716B3F-B778-4E41-BCC8-8B3002670E67}.Development|Any CPU.Build.0 = Release|Any CPU
		{D6716B3F-B778-4E41-BCC8-8B3002670E67}.Development|x64.ActiveCfg = Release|Any CPU
		{D6716B3F-B778-4E41-BCC8-8B3002670E67}.Development|x64.Build.0 = Release|Any CPU
		{D6716B3F-B778-4E41-BCC8-8B3002670E67}.Release|Any CPU.ActiveCfg = Release|x86
		{D6716B3F-B778-4E41-BCC8-8B3002670E67}.Release|x64.ActiveCfg = Release|x86
		{F2DA3DD8-C8E8-420C-B0DF-4787FF7C791A}.32Bit|Any CPU.ActiveCfg = 32Bit|Any CPU
		{F2DA3DD8-C8E8-420C-B0DF-4787FF7C791A}.32Bit|Any CPU.Build.0 = 32Bit|Any CPU
		{F2DA3DD8-C8E8-420C-B0DF-4787FF7C791A}.32Bit|x64.ActiveCfg = 32Bit|Any CPU
		{F2DA3DD8-C8E8-420C-B0DF-4787FF7C791A}.32Bit|x64.Build.0 = 32Bit|Any CPU
		{F2DA3DD8-C8E8-420C-B0DF-4787FF7C791A}.64Bit|Any CPU.ActiveCfg = 64Bit|Any CPU
		{F2DA3DD8-C8E8-420C-B0DF-4787FF7C791A}.64Bit|Any CPU.Build.0 = 64Bit|Any CPU
		{F2DA3DD8-C8E8-420C-B0DF-4787FF7C791A}.64Bit|x64.ActiveCfg = 64Bit|Any CPU
		{F2DA3DD8-C8E8-420C-B0DF-4787FF7C791A}.64Bit|x64.Build.0 = 64Bit|Any CPU
		{F2DA3DD8-C8E8-420C-B0DF-4787FF7C791A}.Debug|Any CPU.ActiveCfg = Debug|Any CPU
		{F2DA3DD8-C8E8-420C-B0DF-4787FF7C791A}.Debug|Any CPU.Build.0 = Debug|Any CPU
		{F2DA3DD8-C8E8-420C-B0DF-4787FF7C791A}.Debug|x64.ActiveCfg = Debug|Any CPU
		{F2DA3DD8-C8E8-420C-B0DF-4787FF7C791A}.Debug|x64.Build.0 = Debug|Any CPU
		{F2DA3DD8-C8E8-420C-B0DF-4787FF7C791A}.Development Debug Remote Host|Any CPU.ActiveCfg = Development Debug Remote Host|Any CPU
		{F2DA3DD8-C8E8-420C-B0DF-4787FF7C791A}.Development Debug Remote Host|Any CPU.Build.0 = Development Debug Remote Host|Any CPU
		{F2DA3DD8-C8E8-420C-B0DF-4787FF7C791A}.Development Debug Remote Host|x64.ActiveCfg = Development Debug Remote Host|Any CPU
		{F2DA3DD8-C8E8-420C-B0DF-4787FF7C791A}.Development Debug Remote Host|x64.Build.0 = Development Debug Remote Host|Any CPU
		{F2DA3DD8-C8E8-420C-B0DF-4787FF7C791A}.Development Debug|Any CPU.ActiveCfg = Development Debug|Any CPU
		{F2DA3DD8-C8E8-420C-B0DF-4787FF7C791A}.Development Debug|Any CPU.Build.0 = Development Debug|Any CPU
		{F2DA3DD8-C8E8-420C-B0DF-4787FF7C791A}.Development Debug|x64.ActiveCfg = Development Debug|Any CPU
		{F2DA3DD8-C8E8-420C-B0DF-4787FF7C791A}.Development Debug|x64.Build.0 = Development Debug|Any CPU
		{F2DA3DD8-C8E8-420C-B0DF-4787FF7C791A}.Development|Any CPU.ActiveCfg = Release|Any CPU
		{F2DA3DD8-C8E8-420C-B0DF-4787FF7C791A}.Development|Any CPU.Build.0 = Release|Any CPU
		{F2DA3DD8-C8E8-420C-B0DF-4787FF7C791A}.Development|x64.ActiveCfg = Release|Any CPU
		{F2DA3DD8-C8E8-420C-B0DF-4787FF7C791A}.Development|x64.Build.0 = Release|Any CPU
		{F2DA3DD8-C8E8-420C-B0DF-4787FF7C791A}.Release|Any CPU.ActiveCfg = Release|Any CPU
		{F2DA3DD8-C8E8-420C-B0DF-4787FF7C791A}.Release|Any CPU.Build.0 = Release|Any CPU
		{F2DA3DD8-C8E8-420C-B0DF-4787FF7C791A}.Release|x64.ActiveCfg = Release|Any CPU
		{F2DA3DD8-C8E8-420C-B0DF-4787FF7C791A}.Release|x64.Build.0 = Release|Any CPU
		{6EDFD0C4-201E-4296-ACD1-BDE9EBFE3925}.32Bit|Any CPU.ActiveCfg = 32Bit|x86
		{6EDFD0C4-201E-4296-ACD1-BDE9EBFE3925}.32Bit|x64.ActiveCfg = 32Bit|x86
		{6EDFD0C4-201E-4296-ACD1-BDE9EBFE3925}.64Bit|Any CPU.ActiveCfg = 64Bit|x86
		{6EDFD0C4-201E-4296-ACD1-BDE9EBFE3925}.64Bit|x64.ActiveCfg = 64Bit|x86
		{6EDFD0C4-201E-4296-ACD1-BDE9EBFE3925}.Debug|Any CPU.ActiveCfg = Debug|x86
		{6EDFD0C4-201E-4296-ACD1-BDE9EBFE3925}.Debug|x64.ActiveCfg = Debug|x86
		{6EDFD0C4-201E-4296-ACD1-BDE9EBFE3925}.Development Debug Remote Host|Any CPU.ActiveCfg = Development Debug Remote Host|x86
		{6EDFD0C4-201E-4296-ACD1-BDE9EBFE3925}.Development Debug Remote Host|x64.ActiveCfg = Development Debug Remote Host|x86
		{6EDFD0C4-201E-4296-ACD1-BDE9EBFE3925}.Development Debug|Any CPU.ActiveCfg = Development Debug|x86
		{6EDFD0C4-201E-4296-ACD1-BDE9EBFE3925}.Development Debug|x64.ActiveCfg = Development Debug|x86
		{6EDFD0C4-201E-4296-ACD1-BDE9EBFE3925}.Development|Any CPU.ActiveCfg = Release|Any CPU
		{6EDFD0C4-201E-4296-ACD1-BDE9EBFE3925}.Development|x64.ActiveCfg = Release|Any CPU
		{6EDFD0C4-201E-4296-ACD1-BDE9EBFE3925}.Release|Any CPU.ActiveCfg = Release|x86
		{6EDFD0C4-201E-4296-ACD1-BDE9EBFE3925}.Release|x64.ActiveCfg = Release|x86
		{46F04E0B-949D-4FE6-9289-02A53D97F411}.32Bit|Any CPU.ActiveCfg = 32Bit|Any CPU
		{46F04E0B-949D-4FE6-9289-02A53D97F411}.32Bit|Any CPU.Build.0 = 32Bit|Any CPU
		{46F04E0B-949D-4FE6-9289-02A53D97F411}.32Bit|x64.ActiveCfg = 32Bit|Any CPU
		{46F04E0B-949D-4FE6-9289-02A53D97F411}.32Bit|x64.Build.0 = 32Bit|Any CPU
		{46F04E0B-949D-4FE6-9289-02A53D97F411}.64Bit|Any CPU.ActiveCfg = 64Bit|Any CPU
		{46F04E0B-949D-4FE6-9289-02A53D97F411}.64Bit|Any CPU.Build.0 = 64Bit|Any CPU
		{46F04E0B-949D-4FE6-9289-02A53D97F411}.64Bit|x64.ActiveCfg = 64Bit|Any CPU
		{46F04E0B-949D-4FE6-9289-02A53D97F411}.64Bit|x64.Build.0 = 64Bit|Any CPU
		{46F04E0B-949D-4FE6-9289-02A53D97F411}.Debug|Any CPU.ActiveCfg = Debug|Any CPU
		{46F04E0B-949D-4FE6-9289-02A53D97F411}.Debug|Any CPU.Build.0 = Debug|Any CPU
		{46F04E0B-949D-4FE6-9289-02A53D97F411}.Debug|x64.ActiveCfg = Debug|Any CPU
		{46F04E0B-949D-4FE6-9289-02A53D97F411}.Debug|x64.Build.0 = Debug|Any CPU
		{46F04E0B-949D-4FE6-9289-02A53D97F411}.Development Debug Remote Host|Any CPU.ActiveCfg = Development Debug Remote Host|Any CPU
		{46F04E0B-949D-4FE6-9289-02A53D97F411}.Development Debug Remote Host|Any CPU.Build.0 = Development Debug Remote Host|Any CPU
		{46F04E0B-949D-4FE6-9289-02A53D97F411}.Development Debug Remote Host|x64.ActiveCfg = Development Debug Remote Host|Any CPU
		{46F04E0B-949D-4FE6-9289-02A53D97F411}.Development Debug Remote Host|x64.Build.0 = Development Debug Remote Host|Any CPU
		{46F04E0B-949D-4FE6-9289-02A53D97F411}.Development Debug|Any CPU.ActiveCfg = Development Debug|Any CPU
		{46F04E0B-949D-4FE6-9289-02A53D97F411}.Development Debug|Any CPU.Build.0 = Development Debug|Any CPU
		{46F04E0B-949D-4FE6-9289-02A53D97F411}.Development Debug|x64.ActiveCfg = Development Debug|Any CPU
		{46F04E0B-949D-4FE6-9289-02A53D97F411}.Development Debug|x64.Build.0 = Development Debug|Any CPU
		{46F04E0B-949D-4FE6-9289-02A53D97F411}.Development|Any CPU.ActiveCfg = Release|Any CPU
		{46F04E0B-949D-4FE6-9289-02A53D97F411}.Development|Any CPU.Build.0 = Release|Any CPU
		{46F04E0B-949D-4FE6-9289-02A53D97F411}.Development|x64.ActiveCfg = Release|Any CPU
		{46F04E0B-949D-4FE6-9289-02A53D97F411}.Development|x64.Build.0 = Release|Any CPU
		{46F04E0B-949D-4FE6-9289-02A53D97F411}.Release|Any CPU.ActiveCfg = Release|Any CPU
		{46F04E0B-949D-4FE6-9289-02A53D97F411}.Release|Any CPU.Build.0 = Release|Any CPU
		{46F04E0B-949D-4FE6-9289-02A53D97F411}.Release|x64.ActiveCfg = Release|Any CPU
		{46F04E0B-949D-4FE6-9289-02A53D97F411}.Release|x64.Build.0 = Release|Any CPU
		{6638AE14-318A-4323-ACDF-9C01CBBA02BA}.32Bit|Any CPU.ActiveCfg = Release|Any CPU
		{6638AE14-318A-4323-ACDF-9C01CBBA02BA}.32Bit|Any CPU.Build.0 = Release|Any CPU
		{6638AE14-318A-4323-ACDF-9C01CBBA02BA}.32Bit|x64.ActiveCfg = Release|Any CPU
		{6638AE14-318A-4323-ACDF-9C01CBBA02BA}.32Bit|x64.Build.0 = Release|Any CPU
		{6638AE14-318A-4323-ACDF-9C01CBBA02BA}.64Bit|Any CPU.ActiveCfg = Release|Any CPU
		{6638AE14-318A-4323-ACDF-9C01CBBA02BA}.64Bit|Any CPU.Build.0 = Release|Any CPU
		{6638AE14-318A-4323-ACDF-9C01CBBA02BA}.64Bit|x64.ActiveCfg = Release|Any CPU
		{6638AE14-318A-4323-ACDF-9C01CBBA02BA}.64Bit|x64.Build.0 = Release|Any CPU
		{6638AE14-318A-4323-ACDF-9C01CBBA02BA}.Debug|Any CPU.ActiveCfg = Debug|Any CPU
		{6638AE14-318A-4323-ACDF-9C01CBBA02BA}.Debug|Any CPU.Build.0 = Debug|Any CPU
		{6638AE14-318A-4323-ACDF-9C01CBBA02BA}.Debug|x64.ActiveCfg = Debug|Any CPU
		{6638AE14-318A-4323-ACDF-9C01CBBA02BA}.Debug|x64.Build.0 = Debug|Any CPU
		{6638AE14-318A-4323-ACDF-9C01CBBA02BA}.Development Debug Remote Host|Any CPU.ActiveCfg = Development Debug Remote Host|Any CPU
		{6638AE14-318A-4323-ACDF-9C01CBBA02BA}.Development Debug Remote Host|Any CPU.Build.0 = Development Debug Remote Host|Any CPU
		{6638AE14-318A-4323-ACDF-9C01CBBA02BA}.Development Debug Remote Host|x64.ActiveCfg = Development Debug Remote Host|Any CPU
		{6638AE14-318A-4323-ACDF-9C01CBBA02BA}.Development Debug Remote Host|x64.Build.0 = Development Debug Remote Host|Any CPU
		{6638AE14-318A-4323-ACDF-9C01CBBA02BA}.Development Debug|Any CPU.ActiveCfg = Development Debug|Any CPU
		{6638AE14-318A-4323-ACDF-9C01CBBA02BA}.Development Debug|Any CPU.Build.0 = Development Debug|Any CPU
		{6638AE14-318A-4323-ACDF-9C01CBBA02BA}.Development Debug|x64.ActiveCfg = Development Debug|Any CPU
		{6638AE14-318A-4323-ACDF-9C01CBBA02BA}.Development Debug|x64.Build.0 = Development Debug|Any CPU
		{6638AE14-318A-4323-ACDF-9C01CBBA02BA}.Development|Any CPU.ActiveCfg = Release|Any CPU
		{6638AE14-318A-4323-ACDF-9C01CBBA02BA}.Development|Any CPU.Build.0 = Release|Any CPU
		{6638AE14-318A-4323-ACDF-9C01CBBA02BA}.Development|x64.ActiveCfg = Release|Any CPU
		{6638AE14-318A-4323-ACDF-9C01CBBA02BA}.Development|x64.Build.0 = Release|Any CPU
		{6638AE14-318A-4323-ACDF-9C01CBBA02BA}.Release|Any CPU.ActiveCfg = Release|Any CPU
		{6638AE14-318A-4323-ACDF-9C01CBBA02BA}.Release|Any CPU.Build.0 = Release|Any CPU
		{6638AE14-318A-4323-ACDF-9C01CBBA02BA}.Release|x64.ActiveCfg = Release|Any CPU
		{6638AE14-318A-4323-ACDF-9C01CBBA02BA}.Release|x64.Build.0 = Release|Any CPU
		{B803C3EF-1C09-47AE-80E6-6BB40520F516}.32Bit|Any CPU.ActiveCfg = 32Bit|Any CPU
		{B803C3EF-1C09-47AE-80E6-6BB40520F516}.32Bit|Any CPU.Build.0 = 32Bit|Any CPU
		{B803C3EF-1C09-47AE-80E6-6BB40520F516}.32Bit|x64.ActiveCfg = 32Bit|Any CPU
		{B803C3EF-1C09-47AE-80E6-6BB40520F516}.32Bit|x64.Build.0 = 32Bit|Any CPU
		{B803C3EF-1C09-47AE-80E6-6BB40520F516}.64Bit|Any CPU.ActiveCfg = 64Bit|Any CPU
		{B803C3EF-1C09-47AE-80E6-6BB40520F516}.64Bit|Any CPU.Build.0 = 64Bit|Any CPU
		{B803C3EF-1C09-47AE-80E6-6BB40520F516}.64Bit|x64.ActiveCfg = 64Bit|Any CPU
		{B803C3EF-1C09-47AE-80E6-6BB40520F516}.64Bit|x64.Build.0 = 64Bit|Any CPU
		{B803C3EF-1C09-47AE-80E6-6BB40520F516}.Debug|Any CPU.ActiveCfg = Development|Any CPU
		{B803C3EF-1C09-47AE-80E6-6BB40520F516}.Debug|Any CPU.Build.0 = Development|Any CPU
		{B803C3EF-1C09-47AE-80E6-6BB40520F516}.Debug|x64.ActiveCfg = Development|Any CPU
		{B803C3EF-1C09-47AE-80E6-6BB40520F516}.Debug|x64.Build.0 = Development|Any CPU
		{B803C3EF-1C09-47AE-80E6-6BB40520F516}.Development Debug Remote Host|Any CPU.ActiveCfg = Development Debug Remote Host|Any CPU
		{B803C3EF-1C09-47AE-80E6-6BB40520F516}.Development Debug Remote Host|Any CPU.Build.0 = Development Debug Remote Host|Any CPU
		{B803C3EF-1C09-47AE-80E6-6BB40520F516}.Development Debug Remote Host|x64.ActiveCfg = Development Debug Remote Host|Any CPU
		{B803C3EF-1C09-47AE-80E6-6BB40520F516}.Development Debug Remote Host|x64.Build.0 = Development Debug Remote Host|Any CPU
		{B803C3EF-1C09-47AE-80E6-6BB40520F516}.Development Debug|Any CPU.ActiveCfg = Development Debug|Any CPU
		{B803C3EF-1C09-47AE-80E6-6BB40520F516}.Development Debug|Any CPU.Build.0 = Development Debug|Any CPU
		{B803C3EF-1C09-47AE-80E6-6BB40520F516}.Development Debug|x64.ActiveCfg = Development Debug|Any CPU
		{B803C3EF-1C09-47AE-80E6-6BB40520F516}.Development Debug|x64.Build.0 = Development Debug|Any CPU
		{B803C3EF-1C09-47AE-80E6-6BB40520F516}.Development|Any CPU.ActiveCfg = Release|Any CPU
		{B803C3EF-1C09-47AE-80E6-6BB40520F516}.Development|Any CPU.Build.0 = Release|Any CPU
		{B803C3EF-1C09-47AE-80E6-6BB40520F516}.Development|x64.ActiveCfg = Release|Any CPU
		{B803C3EF-1C09-47AE-80E6-6BB40520F516}.Development|x64.Build.0 = Release|Any CPU
		{B803C3EF-1C09-47AE-80E6-6BB40520F516}.Release|Any CPU.ActiveCfg = Development|Any CPU
		{B803C3EF-1C09-47AE-80E6-6BB40520F516}.Release|Any CPU.Build.0 = Development|Any CPU
		{B803C3EF-1C09-47AE-80E6-6BB40520F516}.Release|x64.ActiveCfg = Development|Any CPU
		{B803C3EF-1C09-47AE-80E6-6BB40520F516}.Release|x64.Build.0 = Development|Any CPU
		{6C534CC4-E0DC-4613-9358-678834C55776}.32Bit|Any CPU.ActiveCfg = 32Bit|Any CPU
		{6C534CC4-E0DC-4613-9358-678834C55776}.32Bit|Any CPU.Build.0 = 32Bit|Any CPU
		{6C534CC4-E0DC-4613-9358-678834C55776}.32Bit|x64.ActiveCfg = 32Bit|Any CPU
		{6C534CC4-E0DC-4613-9358-678834C55776}.32Bit|x64.Build.0 = 32Bit|Any CPU
		{6C534CC4-E0DC-4613-9358-678834C55776}.64Bit|Any CPU.ActiveCfg = 64Bit|Any CPU
		{6C534CC4-E0DC-4613-9358-678834C55776}.64Bit|Any CPU.Build.0 = 64Bit|Any CPU
		{6C534CC4-E0DC-4613-9358-678834C55776}.64Bit|x64.ActiveCfg = 64Bit|Any CPU
		{6C534CC4-E0DC-4613-9358-678834C55776}.64Bit|x64.Build.0 = 64Bit|Any CPU
		{6C534CC4-E0DC-4613-9358-678834C55776}.Debug|Any CPU.ActiveCfg = Development|Any CPU
		{6C534CC4-E0DC-4613-9358-678834C55776}.Debug|Any CPU.Build.0 = Development|Any CPU
		{6C534CC4-E0DC-4613-9358-678834C55776}.Debug|x64.ActiveCfg = Development|Any CPU
		{6C534CC4-E0DC-4613-9358-678834C55776}.Debug|x64.Build.0 = Development|Any CPU
		{6C534CC4-E0DC-4613-9358-678834C55776}.Development Debug Remote Host|Any CPU.ActiveCfg = Development Debug Remote Host|Any CPU
		{6C534CC4-E0DC-4613-9358-678834C55776}.Development Debug Remote Host|Any CPU.Build.0 = Development Debug Remote Host|Any CPU
		{6C534CC4-E0DC-4613-9358-678834C55776}.Development Debug Remote Host|x64.ActiveCfg = Development Debug Remote Host|Any CPU
		{6C534CC4-E0DC-4613-9358-678834C55776}.Development Debug Remote Host|x64.Build.0 = Development Debug Remote Host|Any CPU
		{6C534CC4-E0DC-4613-9358-678834C55776}.Development Debug|Any CPU.ActiveCfg = Development Debug|Any CPU
		{6C534CC4-E0DC-4613-9358-678834C55776}.Development Debug|Any CPU.Build.0 = Development Debug|Any CPU
		{6C534CC4-E0DC-4613-9358-678834C55776}.Development Debug|x64.ActiveCfg = Development Debug|Any CPU
		{6C534CC4-E0DC-4613-9358-678834C55776}.Development Debug|x64.Build.0 = Development Debug|Any CPU
		{6C534CC4-E0DC-4613-9358-678834C55776}.Development|Any CPU.ActiveCfg = Release|Any CPU
		{6C534CC4-E0DC-4613-9358-678834C55776}.Development|Any CPU.Build.0 = Release|Any CPU
		{6C534CC4-E0DC-4613-9358-678834C55776}.Development|x64.ActiveCfg = Release|Any CPU
		{6C534CC4-E0DC-4613-9358-678834C55776}.Development|x64.Build.0 = Release|Any CPU
		{6C534CC4-E0DC-4613-9358-678834C55776}.Release|Any CPU.ActiveCfg = Development|Any CPU
		{6C534CC4-E0DC-4613-9358-678834C55776}.Release|Any CPU.Build.0 = Development|Any CPU
		{6C534CC4-E0DC-4613-9358-678834C55776}.Release|x64.ActiveCfg = Development|Any CPU
		{6C534CC4-E0DC-4613-9358-678834C55776}.Release|x64.Build.0 = Development|Any CPU
		{244DA4F1-F1DE-403C-AB93-D828C893BF2E}.32Bit|Any CPU.ActiveCfg = 32Bit|Any CPU
		{244DA4F1-F1DE-403C-AB93-D828C893BF2E}.32Bit|Any CPU.Build.0 = 32Bit|Any CPU
		{244DA4F1-F1DE-403C-AB93-D828C893BF2E}.32Bit|x64.ActiveCfg = 32Bit|Any CPU
		{244DA4F1-F1DE-403C-AB93-D828C893BF2E}.32Bit|x64.Build.0 = 32Bit|Any CPU
		{244DA4F1-F1DE-403C-AB93-D828C893BF2E}.64Bit|Any CPU.ActiveCfg = 64Bit|Any CPU
		{244DA4F1-F1DE-403C-AB93-D828C893BF2E}.64Bit|Any CPU.Build.0 = 64Bit|Any CPU
		{244DA4F1-F1DE-403C-AB93-D828C893BF2E}.64Bit|x64.ActiveCfg = 64Bit|Any CPU
		{244DA4F1-F1DE-403C-AB93-D828C893BF2E}.64Bit|x64.Build.0 = 64Bit|Any CPU
		{244DA4F1-F1DE-403C-AB93-D828C893BF2E}.Debug|Any CPU.ActiveCfg = Development|Any CPU
		{244DA4F1-F1DE-403C-AB93-D828C893BF2E}.Debug|Any CPU.Build.0 = Development|Any CPU
		{244DA4F1-F1DE-403C-AB93-D828C893BF2E}.Debug|x64.ActiveCfg = Development|Any CPU
		{244DA4F1-F1DE-403C-AB93-D828C893BF2E}.Debug|x64.Build.0 = Development|Any CPU
		{244DA4F1-F1DE-403C-AB93-D828C893BF2E}.Development Debug Remote Host|Any CPU.ActiveCfg = Development Debug Remote Host|Any CPU
		{244DA4F1-F1DE-403C-AB93-D828C893BF2E}.Development Debug Remote Host|Any CPU.Build.0 = Development Debug Remote Host|Any CPU
		{244DA4F1-F1DE-403C-AB93-D828C893BF2E}.Development Debug Remote Host|x64.ActiveCfg = Development Debug Remote Host|Any CPU
		{244DA4F1-F1DE-403C-AB93-D828C893BF2E}.Development Debug Remote Host|x64.Build.0 = Development Debug Remote Host|Any CPU
		{244DA4F1-F1DE-403C-AB93-D828C893BF2E}.Development Debug|Any CPU.ActiveCfg = Development Debug|Any CPU
		{244DA4F1-F1DE-403C-AB93-D828C893BF2E}.Development Debug|Any CPU.Build.0 = Development Debug|Any CPU
		{244DA4F1-F1DE-403C-AB93-D828C893BF2E}.Development Debug|x64.ActiveCfg = Development Debug|Any CPU
		{244DA4F1-F1DE-403C-AB93-D828C893BF2E}.Development Debug|x64.Build.0 = Development Debug|Any CPU
		{244DA4F1-F1DE-403C-AB93-D828C893BF2E}.Development|Any CPU.ActiveCfg = Release|Any CPU
		{244DA4F1-F1DE-403C-AB93-D828C893BF2E}.Development|Any CPU.Build.0 = Release|Any CPU
		{244DA4F1-F1DE-403C-AB93-D828C893BF2E}.Development|x64.ActiveCfg = Release|Any CPU
		{244DA4F1-F1DE-403C-AB93-D828C893BF2E}.Development|x64.Build.0 = Release|Any CPU
		{244DA4F1-F1DE-403C-AB93-D828C893BF2E}.Release|Any CPU.ActiveCfg = 32Bit|Any CPU
		{244DA4F1-F1DE-403C-AB93-D828C893BF2E}.Release|Any CPU.Build.0 = 32Bit|Any CPU
		{244DA4F1-F1DE-403C-AB93-D828C893BF2E}.Release|x64.ActiveCfg = 32Bit|Any CPU
		{244DA4F1-F1DE-403C-AB93-D828C893BF2E}.Release|x64.Build.0 = 32Bit|Any CPU
		{63996C2B-6769-4305-8933-1A87944679DC}.32Bit|Any CPU.ActiveCfg = 32Bit|Any CPU
		{63996C2B-6769-4305-8933-1A87944679DC}.32Bit|Any CPU.Build.0 = 32Bit|Any CPU
		{63996C2B-6769-4305-8933-1A87944679DC}.32Bit|x64.ActiveCfg = 32Bit|Any CPU
		{63996C2B-6769-4305-8933-1A87944679DC}.32Bit|x64.Build.0 = 32Bit|Any CPU
		{63996C2B-6769-4305-8933-1A87944679DC}.64Bit|Any CPU.ActiveCfg = 64Bit|Any CPU
		{63996C2B-6769-4305-8933-1A87944679DC}.64Bit|Any CPU.Build.0 = 64Bit|Any CPU
		{63996C2B-6769-4305-8933-1A87944679DC}.64Bit|x64.ActiveCfg = 64Bit|Any CPU
		{63996C2B-6769-4305-8933-1A87944679DC}.64Bit|x64.Build.0 = 64Bit|Any CPU
		{63996C2B-6769-4305-8933-1A87944679DC}.Debug|Any CPU.ActiveCfg = Debug|Any CPU
		{63996C2B-6769-4305-8933-1A87944679DC}.Debug|Any CPU.Build.0 = Debug|Any CPU
		{63996C2B-6769-4305-8933-1A87944679DC}.Debug|x64.ActiveCfg = Debug|Any CPU
		{63996C2B-6769-4305-8933-1A87944679DC}.Debug|x64.Build.0 = Debug|Any CPU
		{63996C2B-6769-4305-8933-1A87944679DC}.Development Debug Remote Host|Any CPU.ActiveCfg = Development Debug Remote Host|Any CPU
		{63996C2B-6769-4305-8933-1A87944679DC}.Development Debug Remote Host|Any CPU.Build.0 = Development Debug Remote Host|Any CPU
		{63996C2B-6769-4305-8933-1A87944679DC}.Development Debug Remote Host|x64.ActiveCfg = Development Debug Remote Host|Any CPU
		{63996C2B-6769-4305-8933-1A87944679DC}.Development Debug Remote Host|x64.Build.0 = Development Debug Remote Host|Any CPU
		{63996C2B-6769-4305-8933-1A87944679DC}.Development Debug|Any CPU.ActiveCfg = Development Debug|Any CPU
		{63996C2B-6769-4305-8933-1A87944679DC}.Development Debug|Any CPU.Build.0 = Development Debug|Any CPU
		{63996C2B-6769-4305-8933-1A87944679DC}.Development Debug|x64.ActiveCfg = Development Debug|Any CPU
		{63996C2B-6769-4305-8933-1A87944679DC}.Development Debug|x64.Build.0 = Development Debug|Any CPU
		{63996C2B-6769-4305-8933-1A87944679DC}.Development|Any CPU.ActiveCfg = Release|Any CPU
		{63996C2B-6769-4305-8933-1A87944679DC}.Development|Any CPU.Build.0 = Release|Any CPU
		{63996C2B-6769-4305-8933-1A87944679DC}.Development|x64.ActiveCfg = Release|Any CPU
		{63996C2B-6769-4305-8933-1A87944679DC}.Development|x64.Build.0 = Release|Any CPU
		{63996C2B-6769-4305-8933-1A87944679DC}.Release|Any CPU.ActiveCfg = Release|Any CPU
		{63996C2B-6769-4305-8933-1A87944679DC}.Release|Any CPU.Build.0 = Release|Any CPU
		{63996C2B-6769-4305-8933-1A87944679DC}.Release|x64.ActiveCfg = Release|Any CPU
		{63996C2B-6769-4305-8933-1A87944679DC}.Release|x64.Build.0 = Release|Any CPU
		{8B983608-B6C7-49EB-A5DD-6CCCF55B9C45}.32Bit|Any CPU.ActiveCfg = 32Bit|Any CPU
		{8B983608-B6C7-49EB-A5DD-6CCCF55B9C45}.32Bit|Any CPU.Build.0 = 32Bit|Any CPU
		{8B983608-B6C7-49EB-A5DD-6CCCF55B9C45}.32Bit|x64.ActiveCfg = 32Bit|Any CPU
		{8B983608-B6C7-49EB-A5DD-6CCCF55B9C45}.32Bit|x64.Build.0 = 32Bit|Any CPU
		{8B983608-B6C7-49EB-A5DD-6CCCF55B9C45}.64Bit|Any CPU.ActiveCfg = 64Bit|Any CPU
		{8B983608-B6C7-49EB-A5DD-6CCCF55B9C45}.64Bit|Any CPU.Build.0 = 64Bit|Any CPU
		{8B983608-B6C7-49EB-A5DD-6CCCF55B9C45}.64Bit|x64.ActiveCfg = 64Bit|Any CPU
		{8B983608-B6C7-49EB-A5DD-6CCCF55B9C45}.64Bit|x64.Build.0 = 64Bit|Any CPU
		{8B983608-B6C7-49EB-A5DD-6CCCF55B9C45}.Debug|Any CPU.ActiveCfg = Development Debug Remote Host|Any CPU
		{8B983608-B6C7-49EB-A5DD-6CCCF55B9C45}.Debug|Any CPU.Build.0 = Development Debug Remote Host|Any CPU
		{8B983608-B6C7-49EB-A5DD-6CCCF55B9C45}.Debug|x64.ActiveCfg = Development Debug Remote Host|Any CPU
		{8B983608-B6C7-49EB-A5DD-6CCCF55B9C45}.Debug|x64.Build.0 = Development Debug Remote Host|Any CPU
		{8B983608-B6C7-49EB-A5DD-6CCCF55B9C45}.Development Debug Remote Host|Any CPU.ActiveCfg = Development Debug Remote Host|Any CPU
		{8B983608-B6C7-49EB-A5DD-6CCCF55B9C45}.Development Debug Remote Host|Any CPU.Build.0 = Development Debug Remote Host|Any CPU
		{8B983608-B6C7-49EB-A5DD-6CCCF55B9C45}.Development Debug Remote Host|x64.ActiveCfg = Development Debug Remote Host|Any CPU
		{8B983608-B6C7-49EB-A5DD-6CCCF55B9C45}.Development Debug Remote Host|x64.Build.0 = Development Debug Remote Host|Any CPU
		{8B983608-B6C7-49EB-A5DD-6CCCF55B9C45}.Development Debug|Any CPU.ActiveCfg = Development Debug|Any CPU
		{8B983608-B6C7-49EB-A5DD-6CCCF55B9C45}.Development Debug|Any CPU.Build.0 = Development Debug|Any CPU
		{8B983608-B6C7-49EB-A5DD-6CCCF55B9C45}.Development Debug|x64.ActiveCfg = Development Debug|Any CPU
		{8B983608-B6C7-49EB-A5DD-6CCCF55B9C45}.Development Debug|x64.Build.0 = Development Debug|Any CPU
		{8B983608-B6C7-49EB-A5DD-6CCCF55B9C45}.Development|Any CPU.ActiveCfg = Release|Any CPU
		{8B983608-B6C7-49EB-A5DD-6CCCF55B9C45}.Development|Any CPU.Build.0 = Release|Any CPU
		{8B983608-B6C7-49EB-A5DD-6CCCF55B9C45}.Development|x64.ActiveCfg = Release|Any CPU
		{8B983608-B6C7-49EB-A5DD-6CCCF55B9C45}.Development|x64.Build.0 = Release|Any CPU
		{8B983608-B6C7-49EB-A5DD-6CCCF55B9C45}.Release|Any CPU.ActiveCfg = Development Debug Remote Host|Any CPU
		{8B983608-B6C7-49EB-A5DD-6CCCF55B9C45}.Release|Any CPU.Build.0 = Development Debug Remote Host|Any CPU
		{8B983608-B6C7-49EB-A5DD-6CCCF55B9C45}.Release|x64.ActiveCfg = Development Debug Remote Host|Any CPU
		{8B983608-B6C7-49EB-A5DD-6CCCF55B9C45}.Release|x64.Build.0 = Development Debug Remote Host|Any CPU
	EndGlobalSection
	GlobalSection(SolutionProperties) = preSolution
		HideSolutionNode = FALSE
	EndGlobalSection
	GlobalSection(NestedProjects) = preSolution
		{F5FC3806-4E82-41F0-AA65-5B6933826AB7} = {EDD8E026-10A1-42A1-A606-483AA9618752}
		{5A7C8449-BE6F-4CBB-AD7F-B38560DAE637} = {6CB731FD-131F-4D60-B988-96F531D03679}
		{1D1FBD5C-99DE-4BE7-AACA-069624958ADC} = {6CB731FD-131F-4D60-B988-96F531D03679}
		{E0B4F1C9-D2F6-415E-B8F5-AF66F23F4B87} = {D9A501B7-837A-4651-9217-F811BF7FF300}
		{25E4269D-ED66-4282-A03B-5412839D43A7} = {221F4A25-3C4D-4CCD-9358-0E1BC2ABD987}
		{00444214-238A-408C-B9D0-AF9873AE1F9B} = {D9A501B7-837A-4651-9217-F811BF7FF300}
		{7DD20E37-8F3F-4BF6-953E-47453F611094} = {35883D64-730B-4472-9CE7-30EA160439EF}
		{FF44241D-1070-4391-9A3C-B19B8F96A583} = {35883D64-730B-4472-9CE7-30EA160439EF}
		{AF98391B-F417-4D0B-98C0-236E2675C89A} = {35883D64-730B-4472-9CE7-30EA160439EF}
		{46B0B361-6C06-4326-BE81-308654899299} = {AD86DDEF-A0E5-4072-BA38-3557F85F9213}
		{036AE224-AA65-4C4C-A29F-502DED239A84} = {D9A501B7-837A-4651-9217-F811BF7FF300}
		{9423A82C-0120-4D8F-AAC0-C9C37966B3A8} = {D9A501B7-837A-4651-9217-F811BF7FF300}
		{4129E4DB-412B-493A-BDA1-F0C367EE1F6F} = {D9A501B7-837A-4651-9217-F811BF7FF300}
		{D5A50A9D-319F-410C-998F-BA3EA98A1E85} = {F087B9E0-5960-4EA2-B0DF-ADB3E3A82179}
		{8317B7CA-B8E5-4282-8D2B-F488AD363AB4} = {F087B9E0-5960-4EA2-B0DF-ADB3E3A82179}
		{D6716B3F-B778-4E41-BCC8-8B3002670E67} = {6CB731FD-131F-4D60-B988-96F531D03679}
		{F2DA3DD8-C8E8-420C-B0DF-4787FF7C791A} = {D9A501B7-837A-4651-9217-F811BF7FF300}
		{6EDFD0C4-201E-4296-ACD1-BDE9EBFE3925} = {D9A501B7-837A-4651-9217-F811BF7FF300}
		{46F04E0B-949D-4FE6-9289-02A53D97F411} = {35883D64-730B-4472-9CE7-30EA160439EF}
		{6638AE14-318A-4323-ACDF-9C01CBBA02BA} = {6CB731FD-131F-4D60-B988-96F531D03679}
		{B803C3EF-1C09-47AE-80E6-6BB40520F516} = {D9A501B7-837A-4651-9217-F811BF7FF300}
		{6C534CC4-E0DC-4613-9358-678834C55776} = {D9A501B7-837A-4651-9217-F811BF7FF300}
		{244DA4F1-F1DE-403C-AB93-D828C893BF2E} = {6CB731FD-131F-4D60-B988-96F531D03679}
		{63996C2B-6769-4305-8933-1A87944679DC} = {6CB731FD-131F-4D60-B988-96F531D03679}
		{8B983608-B6C7-49EB-A5DD-6CCCF55B9C45} = {6CB731FD-131F-4D60-B988-96F531D03679}
	EndGlobalSection
	GlobalSection(ExtensibilityGlobals) = postSolution
		SolutionGuid = {EB259D44-579D-48F6-A32B-A2FF00C0BC99}
	EndGlobalSection
	GlobalSection(Performance) = preSolution
		HasPerformanceSessions = true
	EndGlobalSection
	GlobalSection(Performance) = preSolution
		HasPerformanceSessions = true
	EndGlobalSection
	GlobalSection(TestCaseManagementSettings) = postSolution
		CategoryFile = XTMF.vsmdi
	EndGlobalSection
	GlobalSection(SubversionScc) = preSolution
		Svn-Managed = True
		Manager = AnkhSVN - Subversion Support for Visual Studio
	EndGlobalSection
EndGlobal
